// !$*UTF8*$!
{
	archiveVersion = 1;
	classes = {
	};
	objectVersion = 51;
	objects = {

/* Begin PBXBuildFile section */
		380B247126ECAD1900474396 /* DropDown.swift in Sources */ = {isa = PBXBuildFile; fileRef = 380B247026ECAD1900474396 /* DropDown.swift */; };
		380B247426ECAE9D00474396 /* UpdateTransactionViewModel.swift in Sources */ = {isa = PBXBuildFile; fileRef = 380B247326ECAE9D00474396 /* UpdateTransactionViewModel.swift */; };
		380B24E626F18A4D00474396 /* EconomicCalendarViewController.swift in Sources */ = {isa = PBXBuildFile; fileRef = 380B24E426F18A4C00474396 /* EconomicCalendarViewController.swift */; };
		380B24E726F18A4D00474396 /* EconomicCalendarViewController.xib in Resources */ = {isa = PBXBuildFile; fileRef = 380B24E526F18A4D00474396 /* EconomicCalendarViewController.xib */; };
		380B251426F1974E00474396 /* index.html in Resources */ = {isa = PBXBuildFile; fileRef = 380B251326F1974D00474396 /* index.html */; };
		380B251926F1D0F500474396 /* HomeNewsViewController.swift in Sources */ = {isa = PBXBuildFile; fileRef = 380B251726F1D0F500474396 /* HomeNewsViewController.swift */; };
		380B251A26F1D0F500474396 /* HomeNewsViewController.xib in Resources */ = {isa = PBXBuildFile; fileRef = 380B251826F1D0F500474396 /* HomeNewsViewController.xib */; };
		381B8056270D915200BE8217 /* EconomicCalendarModel.swift in Sources */ = {isa = PBXBuildFile; fileRef = 381B8055270D915200BE8217 /* EconomicCalendarModel.swift */; };
		381B8058270D93A800BE8217 /* DetailMarketViewModel.swift in Sources */ = {isa = PBXBuildFile; fileRef = 381B8057270D93A800BE8217 /* DetailMarketViewModel.swift */; };
		383B605B26FD6A1E002AA0C9 /* EditProfileViewController.swift in Sources */ = {isa = PBXBuildFile; fileRef = 383B605926FD6A1E002AA0C9 /* EditProfileViewController.swift */; };
		383B605C26FD6A1E002AA0C9 /* EditProfileViewController.xib in Resources */ = {isa = PBXBuildFile; fileRef = 383B605A26FD6A1E002AA0C9 /* EditProfileViewController.xib */; };
		383B605F26FD7CCC002AA0C9 /* EditProfileViewModel.swift in Sources */ = {isa = PBXBuildFile; fileRef = 383B605E26FD7CCC002AA0C9 /* EditProfileViewModel.swift */; };
		383B606426FF10F6002AA0C9 /* ProfitCalculatorViewController.swift in Sources */ = {isa = PBXBuildFile; fileRef = 383B606226FF10F5002AA0C9 /* ProfitCalculatorViewController.swift */; };
		383B606526FF10F6002AA0C9 /* ProfitCalculatorViewController.xib in Resources */ = {isa = PBXBuildFile; fileRef = 383B606326FF10F5002AA0C9 /* ProfitCalculatorViewController.xib */; };
		383B606A26FF195A002AA0C9 /* CustomTabBar.swift in Sources */ = {isa = PBXBuildFile; fileRef = 383B606926FF195A002AA0C9 /* CustomTabBar.swift */; };
		383CA9E6269AA1BE00A29E3A /* DashboardViewController.swift in Sources */ = {isa = PBXBuildFile; fileRef = 383CA9E4269AA1BE00A29E3A /* DashboardViewController.swift */; };
		383CA9E7269AA1BE00A29E3A /* DashboardViewController.xib in Resources */ = {isa = PBXBuildFile; fileRef = 383CA9E5269AA1BE00A29E3A /* DashboardViewController.xib */; };
		383CA9EB269AA1DF00A29E3A /* CreateTransactionViewController.swift in Sources */ = {isa = PBXBuildFile; fileRef = 383CA9E9269AA1DF00A29E3A /* CreateTransactionViewController.swift */; };
		383CA9EC269AA1DF00A29E3A /* CreateTransactionViewController.xib in Resources */ = {isa = PBXBuildFile; fileRef = 383CA9EA269AA1DF00A29E3A /* CreateTransactionViewController.xib */; };
		383CA9F1269AA26C00A29E3A /* ProfileViewController.swift in Sources */ = {isa = PBXBuildFile; fileRef = 383CA9EF269AA26C00A29E3A /* ProfileViewController.swift */; };
		383CA9F2269AA26C00A29E3A /* ProfileViewController.xib in Resources */ = {isa = PBXBuildFile; fileRef = 383CA9F0269AA26C00A29E3A /* ProfileViewController.xib */; };
		383CA9F7269AA2BA00A29E3A /* TabBarViewController.swift in Sources */ = {isa = PBXBuildFile; fileRef = 383CA9F5269AA2BA00A29E3A /* TabBarViewController.swift */; };
		383CA9F8269AA2BA00A29E3A /* TabBarViewController.xib in Resources */ = {isa = PBXBuildFile; fileRef = 383CA9F6269AA2BA00A29E3A /* TabBarViewController.xib */; };
		383CAA08269AAEAE00A29E3A /* HistoryTransactionViewController.swift in Sources */ = {isa = PBXBuildFile; fileRef = 383CAA06269AAEAE00A29E3A /* HistoryTransactionViewController.swift */; };
		383CAA09269AAEAE00A29E3A /* HistoryTransactionViewController.xib in Resources */ = {isa = PBXBuildFile; fileRef = 383CAA07269AAEAE00A29E3A /* HistoryTransactionViewController.xib */; };
		383CAA0F269B387D00A29E3A /* ActiveTransactionCollectionViewCell.swift in Sources */ = {isa = PBXBuildFile; fileRef = 383CAA0D269B387D00A29E3A /* ActiveTransactionCollectionViewCell.swift */; };
		383CAA10269B387D00A29E3A /* ActiveTransactionCollectionViewCell.xib in Resources */ = {isa = PBXBuildFile; fileRef = 383CAA0E269B387D00A29E3A /* ActiveTransactionCollectionViewCell.xib */; };
		383CAA13269C946700A29E3A /* CurrencyModel.swift in Sources */ = {isa = PBXBuildFile; fileRef = 383CAA12269C946700A29E3A /* CurrencyModel.swift */; };
		38495CCB27096D2D004F0423 /* EditReasonPopupViewController.swift in Sources */ = {isa = PBXBuildFile; fileRef = 38495CC927096D2D004F0423 /* EditReasonPopupViewController.swift */; };
		38495CCC27096D2D004F0423 /* EditReasonPopupViewController.xib in Resources */ = {isa = PBXBuildFile; fileRef = 38495CCA27096D2D004F0423 /* EditReasonPopupViewController.xib */; };
		3851DB1126A3CD16008769B0 /* ManageTransactionViewController.swift in Sources */ = {isa = PBXBuildFile; fileRef = 3851DB0F26A3CD16008769B0 /* ManageTransactionViewController.swift */; };
		3851DB1226A3CD16008769B0 /* ManageTransactionViewController.xib in Resources */ = {isa = PBXBuildFile; fileRef = 3851DB1026A3CD16008769B0 /* ManageTransactionViewController.xib */; };
		3851DB1726A3CEF6008769B0 /* ManagerTransactionTableViewCell.swift in Sources */ = {isa = PBXBuildFile; fileRef = 3851DB1526A3CEF6008769B0 /* ManagerTransactionTableViewCell.swift */; };
		3851DB1826A3CEF6008769B0 /* ManagerTransactionTableViewCell.xib in Resources */ = {isa = PBXBuildFile; fileRef = 3851DB1626A3CEF6008769B0 /* ManagerTransactionTableViewCell.xib */; };
		3851DB1B26A86D1F008769B0 /* FilterObjectModel.swift in Sources */ = {isa = PBXBuildFile; fileRef = 3851DB1A26A86D1F008769B0 /* FilterObjectModel.swift */; };
		38551FD026A2CA9600FFC1D2 /* TransactionModel.swift in Sources */ = {isa = PBXBuildFile; fileRef = 38551FCF26A2CA9600FFC1D2 /* TransactionModel.swift */; };
		38551FD326A2D25200FFC1D2 /* DashboardViewModel.swift in Sources */ = {isa = PBXBuildFile; fileRef = 38551FD226A2D25200FFC1D2 /* DashboardViewModel.swift */; };
		387DE88826F9D5E90074E6E4 /* BaseViewController.swift in Sources */ = {isa = PBXBuildFile; fileRef = 387DE88726F9D5E90074E6E4 /* BaseViewController.swift */; };
		388206BC270891E4001315B5 /* PricePairCurrencyModel.swift in Sources */ = {isa = PBXBuildFile; fileRef = 388206BB270891E4001315B5 /* PricePairCurrencyModel.swift */; };
		388264D4271BCADC00FCC927 /* GoogleService-Info.plist in Resources */ = {isa = PBXBuildFile; fileRef = 388264D3271BCADC00FCC927 /* GoogleService-Info.plist */; };
		3886C9EF2702063B00C834B3 /* PositionSizeAndRiskCalculatorViewController.swift in Sources */ = {isa = PBXBuildFile; fileRef = 3886C9ED2702063B00C834B3 /* PositionSizeAndRiskCalculatorViewController.swift */; };
		3886C9F02702063B00C834B3 /* PositionSizeAndRiskCalculatorViewController.xib in Resources */ = {isa = PBXBuildFile; fileRef = 3886C9EE2702063B00C834B3 /* PositionSizeAndRiskCalculatorViewController.xib */; };
		3886C9F82703467900C834B3 /* HomeCalculationViewController.swift in Sources */ = {isa = PBXBuildFile; fileRef = 3886C9F62703467900C834B3 /* HomeCalculationViewController.swift */; };
		3886C9F92703467900C834B3 /* HomeCalculationViewController.xib in Resources */ = {isa = PBXBuildFile; fileRef = 3886C9F72703467900C834B3 /* HomeCalculationViewController.xib */; };
		3886C9FE270406B400C834B3 /* PipValueViewController.swift in Sources */ = {isa = PBXBuildFile; fileRef = 3886C9FC270406B300C834B3 /* PipValueViewController.swift */; };
		3886C9FF270406B400C834B3 /* PipValueViewController.xib in Resources */ = {isa = PBXBuildFile; fileRef = 3886C9FD270406B300C834B3 /* PipValueViewController.xib */; };
		388719EF26F1EECD00DC3F5C /* TypeNewCollectionViewCell.swift in Sources */ = {isa = PBXBuildFile; fileRef = 388719ED26F1EECD00DC3F5C /* TypeNewCollectionViewCell.swift */; };
		388719F026F1EECD00DC3F5C /* TypeNewCollectionViewCell.xib in Resources */ = {isa = PBXBuildFile; fileRef = 388719EE26F1EECD00DC3F5C /* TypeNewCollectionViewCell.xib */; };
		388719F526F1FDBC00DC3F5C /* NewsHeaderView.swift in Sources */ = {isa = PBXBuildFile; fileRef = 388719F426F1FDBC00DC3F5C /* NewsHeaderView.swift */; };
		388719F926F1FDD200DC3F5C /* NewsHeaderView.xib in Resources */ = {isa = PBXBuildFile; fileRef = 388719F826F1FDD200DC3F5C /* NewsHeaderView.xib */; };
		388719FD26F2E1C900DC3F5C /* NewsTableViewCell.swift in Sources */ = {isa = PBXBuildFile; fileRef = 388719FB26F2E1C900DC3F5C /* NewsTableViewCell.swift */; };
		388719FE26F2E1C900DC3F5C /* NewsTableViewCell.xib in Resources */ = {isa = PBXBuildFile; fileRef = 388719FC26F2E1C900DC3F5C /* NewsTableViewCell.xib */; };
		38871A2A26F3251200DC3F5C /* HomeNewsViewModel.swift in Sources */ = {isa = PBXBuildFile; fileRef = 38871A2926F3251100DC3F5C /* HomeNewsViewModel.swift */; };
		38871A2D26F32C1F00DC3F5C /* NewsModel.swift in Sources */ = {isa = PBXBuildFile; fileRef = 38871A2C26F32C1F00DC3F5C /* NewsModel.swift */; };
		38871A5826F4585D00DC3F5C /* DetailNewsViewController.swift in Sources */ = {isa = PBXBuildFile; fileRef = 38871A5626F4585D00DC3F5C /* DetailNewsViewController.swift */; };
		38871A5926F4585D00DC3F5C /* DetailNewsViewController.xib in Resources */ = {isa = PBXBuildFile; fileRef = 38871A5726F4585D00DC3F5C /* DetailNewsViewController.xib */; };
		3894D6B12709F0200028F2E4 /* EditReasonTransactionViewModel.swift in Sources */ = {isa = PBXBuildFile; fileRef = 3894D6B02709F0200028F2E4 /* EditReasonTransactionViewModel.swift */; };
		3894D6B62709F92E0028F2E4 /* DetailTransactionViewController.swift in Sources */ = {isa = PBXBuildFile; fileRef = 3894D6B42709F92E0028F2E4 /* DetailTransactionViewController.swift */; };
		3894D6B72709F92E0028F2E4 /* DetailTransactionViewController.xib in Resources */ = {isa = PBXBuildFile; fileRef = 3894D6B52709F92E0028F2E4 /* DetailTransactionViewController.xib */; };
		3894D6BB270AB0A90028F2E4 /* HomeMarketViewController.swift in Sources */ = {isa = PBXBuildFile; fileRef = 3894D6B9270AB0A90028F2E4 /* HomeMarketViewController.swift */; };
		3894D6BC270AB0A90028F2E4 /* HomeMarketViewController.xib in Resources */ = {isa = PBXBuildFile; fileRef = 3894D6BA270AB0A90028F2E4 /* HomeMarketViewController.xib */; };
		3894D6C0270AB26E0028F2E4 /* HomeMarketCollectionViewCell.swift in Sources */ = {isa = PBXBuildFile; fileRef = 3894D6BE270AB26E0028F2E4 /* HomeMarketCollectionViewCell.swift */; };
		3894D6C1270AB26E0028F2E4 /* HomeMarketCollectionViewCell.xib in Resources */ = {isa = PBXBuildFile; fileRef = 3894D6BF270AB26E0028F2E4 /* HomeMarketCollectionViewCell.xib */; };
		38A3F10C26A9241C0032400F /* UpdateTransactionViewController.swift in Sources */ = {isa = PBXBuildFile; fileRef = 38A3F10A26A9241C0032400F /* UpdateTransactionViewController.swift */; };
		38A3F10D26A9241C0032400F /* UpdateTransactionViewController.xib in Resources */ = {isa = PBXBuildFile; fileRef = 38A3F10B26A9241C0032400F /* UpdateTransactionViewController.xib */; };
		38A54637270AF40900D2CE39 /* HomeMarketViewModel.swift in Sources */ = {isa = PBXBuildFile; fileRef = 38A54636270AF40900D2CE39 /* HomeMarketViewModel.swift */; };
		38A5463A270D39E500D2CE39 /* DetailMarketViewController.swift in Sources */ = {isa = PBXBuildFile; fileRef = 38A54638270D39E400D2CE39 /* DetailMarketViewController.swift */; };
		38A5463B270D39E500D2CE39 /* DetailMarketViewController.xib in Resources */ = {isa = PBXBuildFile; fileRef = 38A54639270D39E400D2CE39 /* DetailMarketViewController.xib */; };
		38A5463E270D403100D2CE39 /* DetailMarketHeaderView.swift in Sources */ = {isa = PBXBuildFile; fileRef = 38A5463D270D403100D2CE39 /* DetailMarketHeaderView.swift */; };
		38A54640270D404D00D2CE39 /* DetailMarketHeaderView.xib in Resources */ = {isa = PBXBuildFile; fileRef = 38A5463F270D404D00D2CE39 /* DetailMarketHeaderView.xib */; };
		38A54643270D45A800D2CE39 /* BasicInfoTableViewCell.swift in Sources */ = {isa = PBXBuildFile; fileRef = 38A54641270D45A800D2CE39 /* BasicInfoTableViewCell.swift */; };
		38A54644270D45A800D2CE39 /* BasicInfoTableViewCell.xib in Resources */ = {isa = PBXBuildFile; fileRef = 38A54642270D45A800D2CE39 /* BasicInfoTableViewCell.xib */; };
		38A54647270D46DC00D2CE39 /* EconomicCalenderTableViewCell.swift in Sources */ = {isa = PBXBuildFile; fileRef = 38A54645270D46DC00D2CE39 /* EconomicCalenderTableViewCell.swift */; };
		38A54648270D46DC00D2CE39 /* EconomicCalenderTableViewCell.xib in Resources */ = {isa = PBXBuildFile; fileRef = 38A54646270D46DC00D2CE39 /* EconomicCalenderTableViewCell.xib */; };
		38B0C4ED269D7F1D009D968C /* ListPairCurrencyViewController.swift in Sources */ = {isa = PBXBuildFile; fileRef = 38B0C4EB269D7F1D009D968C /* ListPairCurrencyViewController.swift */; };
		38B0C4EE269D7F1D009D968C /* ListPairCurrencyViewController.xib in Resources */ = {isa = PBXBuildFile; fileRef = 38B0C4EC269D7F1D009D968C /* ListPairCurrencyViewController.xib */; };
		38B0C4F2269D8181009D968C /* ListPairCurrencyTableViewCell.swift in Sources */ = {isa = PBXBuildFile; fileRef = 38B0C4F0269D8181009D968C /* ListPairCurrencyTableViewCell.swift */; };
		38B0C4F3269D8181009D968C /* ListPairCurrencyTableViewCell.xib in Resources */ = {isa = PBXBuildFile; fileRef = 38B0C4F1269D8181009D968C /* ListPairCurrencyTableViewCell.xib */; };
		38B0C4F6269D879D009D968C /* ListPairCurrencyViewModel.swift in Sources */ = {isa = PBXBuildFile; fileRef = 38B0C4F5269D879D009D968C /* ListPairCurrencyViewModel.swift */; };
		38B0C518269D8BFB009D968C /* PairCurrencyModel.swift in Sources */ = {isa = PBXBuildFile; fileRef = 38B0C517269D8BFB009D968C /* PairCurrencyModel.swift */; };
		38B0C51B269D99B8009D968C /* CreateTransactionViewModel.swift in Sources */ = {isa = PBXBuildFile; fileRef = 38B0C51A269D99B8009D968C /* CreateTransactionViewModel.swift */; };
		38B0C51E269E808B009D968C /* Enum.swift in Sources */ = {isa = PBXBuildFile; fileRef = 38B0C51D269E808A009D968C /* Enum.swift */; };
		38B9BBFA271027A800E153E7 /* DatePickerPopupViewController.swift in Sources */ = {isa = PBXBuildFile; fileRef = 38B9BBF8271027A800E153E7 /* DatePickerPopupViewController.swift */; };
		38B9BBFB271027A800E153E7 /* DatePickerPopupViewController.xib in Resources */ = {isa = PBXBuildFile; fileRef = 38B9BBF9271027A800E153E7 /* DatePickerPopupViewController.xib */; };
		38C723B22696989A00E810F9 /* AppDelegate.swift in Sources */ = {isa = PBXBuildFile; fileRef = 38C723B12696989A00E810F9 /* AppDelegate.swift */; };
		38C723BB2696989C00E810F9 /* Assets.xcassets in Resources */ = {isa = PBXBuildFile; fileRef = 38C723BA2696989C00E810F9 /* Assets.xcassets */; };
		38C723BE2696989C00E810F9 /* LaunchScreen.storyboard in Resources */ = {isa = PBXBuildFile; fileRef = 38C723BC2696989C00E810F9 /* LaunchScreen.storyboard */; };
		38C723ED26969D6C00E810F9 /* LoginViewController.swift in Sources */ = {isa = PBXBuildFile; fileRef = 38C723EB26969D6C00E810F9 /* LoginViewController.swift */; };
		38C723EE26969D6C00E810F9 /* LoginViewController.xib in Resources */ = {isa = PBXBuildFile; fileRef = 38C723EC26969D6C00E810F9 /* LoginViewController.xib */; };
		38C723F226969D9700E810F9 /* RegisterViewController.swift in Sources */ = {isa = PBXBuildFile; fileRef = 38C723F026969D9700E810F9 /* RegisterViewController.swift */; };
		38C723F326969D9700E810F9 /* RegisterViewController.xib in Resources */ = {isa = PBXBuildFile; fileRef = 38C723F126969D9700E810F9 /* RegisterViewController.xib */; };
		38C723FC26969FB100E810F9 /* WellcomeViewController.swift in Sources */ = {isa = PBXBuildFile; fileRef = 38C723FA26969FB100E810F9 /* WellcomeViewController.swift */; };
		38C723FD26969FB100E810F9 /* WellcomeViewController.xib in Resources */ = {isa = PBXBuildFile; fileRef = 38C723FB26969FB100E810F9 /* WellcomeViewController.xib */; };
		38C7240C26972DAA00E810F9 /* Roboto-Medium.ttf in Resources */ = {isa = PBXBuildFile; fileRef = 38C7240026972DA900E810F9 /* Roboto-Medium.ttf */; };
		38C7240D26972DAA00E810F9 /* Roboto-Light.ttf in Resources */ = {isa = PBXBuildFile; fileRef = 38C7240126972DA900E810F9 /* Roboto-Light.ttf */; };
		38C7240E26972DAA00E810F9 /* Roboto-Regular.ttf in Resources */ = {isa = PBXBuildFile; fileRef = 38C7240226972DA900E810F9 /* Roboto-Regular.ttf */; };
		38C7240F26972DAA00E810F9 /* Roboto-MediumItalic.ttf in Resources */ = {isa = PBXBuildFile; fileRef = 38C7240326972DA900E810F9 /* Roboto-MediumItalic.ttf */; };
		38C7241026972DAA00E810F9 /* Roboto-ThinItalic.ttf in Resources */ = {isa = PBXBuildFile; fileRef = 38C7240426972DA900E810F9 /* Roboto-ThinItalic.ttf */; };
		38C7241126972DAA00E810F9 /* Roboto-BoldItalic.ttf in Resources */ = {isa = PBXBuildFile; fileRef = 38C7240526972DA900E810F9 /* Roboto-BoldItalic.ttf */; };
		38C7241226972DAA00E810F9 /* Roboto-LightItalic.ttf in Resources */ = {isa = PBXBuildFile; fileRef = 38C7240626972DA900E810F9 /* Roboto-LightItalic.ttf */; };
		38C7241326972DAA00E810F9 /* Roboto-Italic.ttf in Resources */ = {isa = PBXBuildFile; fileRef = 38C7240726972DA900E810F9 /* Roboto-Italic.ttf */; };
		38C7241426972DAA00E810F9 /* Roboto-BlackItalic.ttf in Resources */ = {isa = PBXBuildFile; fileRef = 38C7240826972DA900E810F9 /* Roboto-BlackItalic.ttf */; };
		38C7241526972DAA00E810F9 /* Roboto-Bold.ttf in Resources */ = {isa = PBXBuildFile; fileRef = 38C7240926972DA900E810F9 /* Roboto-Bold.ttf */; };
		38C7241626972DAA00E810F9 /* Roboto-Thin.ttf in Resources */ = {isa = PBXBuildFile; fileRef = 38C7240A26972DA900E810F9 /* Roboto-Thin.ttf */; };
		38C7241726972DAA00E810F9 /* Roboto-Black.ttf in Resources */ = {isa = PBXBuildFile; fileRef = 38C7240B26972DA900E810F9 /* Roboto-Black.ttf */; };
		38C7241B2697364C00E810F9 /* CustomeView.swift in Sources */ = {isa = PBXBuildFile; fileRef = 38C7241A2697364C00E810F9 /* CustomeView.swift */; };
		38C7241E26973A0700E810F9 /* CustomeBoderRadiusView.swift in Sources */ = {isa = PBXBuildFile; fileRef = 38C7241D26973A0700E810F9 /* CustomeBoderRadiusView.swift */; };
		38C7244A2697596000E810F9 /* String Extension.swift in Sources */ = {isa = PBXBuildFile; fileRef = 38C724492697596000E810F9 /* String Extension.swift */; };
		38C7244D26975A2B00E810F9 /* HelperMethod.swift in Sources */ = {isa = PBXBuildFile; fileRef = 38C7244C26975A2B00E810F9 /* HelperMethod.swift */; };
		38C7245026975AE200E810F9 /* UIWindow_Extension.swift in Sources */ = {isa = PBXBuildFile; fileRef = 38C7244F26975AE200E810F9 /* UIWindow_Extension.swift */; };
		38C724552697E9DE00E810F9 /* AuthViewModel.swift in Sources */ = {isa = PBXBuildFile; fileRef = 38C724542697E9DE00E810F9 /* AuthViewModel.swift */; };
		38C724DA26980B3600E810F9 /* Constant.swift in Sources */ = {isa = PBXBuildFile; fileRef = 38C724D926980B3600E810F9 /* Constant.swift */; };
		38C724FB269842CF00E810F9 /* UserModel.swift in Sources */ = {isa = PBXBuildFile; fileRef = 38C724FA269842CF00E810F9 /* UserModel.swift */; };
		38D7CC272706F96E004297AF /* Localizable.strings in Resources */ = {isa = PBXBuildFile; fileRef = 38D7CC292706F96E004297AF /* Localizable.strings */; };
		38DC122126F5893100256975 /* LongShortRatioViewController.swift in Sources */ = {isa = PBXBuildFile; fileRef = 38DC121F26F5893100256975 /* LongShortRatioViewController.swift */; };
		38DC122226F5893100256975 /* LongShortRatioViewController.xib in Resources */ = {isa = PBXBuildFile; fileRef = 38DC122026F5893100256975 /* LongShortRatioViewController.xib */; };
		38DC122726F59EE900256975 /* LongShortRatioTableViewCell.swift in Sources */ = {isa = PBXBuildFile; fileRef = 38DC122526F59EE900256975 /* LongShortRatioTableViewCell.swift */; };
		38DC122826F59EE900256975 /* LongShortRatioTableViewCell.xib in Resources */ = {isa = PBXBuildFile; fileRef = 38DC122626F59EE900256975 /* LongShortRatioTableViewCell.xib */; };
		38DC125A26F5BC4100256975 /* ExchangeLongShortRatioModel.swift in Sources */ = {isa = PBXBuildFile; fileRef = 38DC125926F5BC4100256975 /* ExchangeLongShortRatioModel.swift */; };
		38DC125D26F5C74600256975 /* LongShortRatioViewModel.swift in Sources */ = {isa = PBXBuildFile; fileRef = 38DC125C26F5C74600256975 /* LongShortRatioViewModel.swift */; };
		38DC128B26F6DD7400256975 /* LongShortRatioFooterView.xib in Resources */ = {isa = PBXBuildFile; fileRef = 38DC128A26F6DD7400256975 /* LongShortRatioFooterView.xib */; };
		38DC129226F6DF3B00256975 /* LongShortRatioFooterView.swift in Sources */ = {isa = PBXBuildFile; fileRef = 38DC129126F6DF3B00256975 /* LongShortRatioFooterView.swift */; };
		38DC12E926F8CE5000256975 /* AddPersonalInfoPoupViewController.swift in Sources */ = {isa = PBXBuildFile; fileRef = 38DC12E726F8CE4F00256975 /* AddPersonalInfoPoupViewController.swift */; };
		38DC12EA26F8CE5000256975 /* AddPersonalInfoPoupViewController.xib in Resources */ = {isa = PBXBuildFile; fileRef = 38DC12E826F8CE4F00256975 /* AddPersonalInfoPoupViewController.xib */; };
		38DC12EE26F8CE7D00256975 /* EditProfilePopupViewController.swift in Sources */ = {isa = PBXBuildFile; fileRef = 38DC12EC26F8CE7D00256975 /* EditProfilePopupViewController.swift */; };
		38DC12EF26F8CE7D00256975 /* EditProfilePopupViewController.xib in Resources */ = {isa = PBXBuildFile; fileRef = 38DC12ED26F8CE7D00256975 /* EditProfilePopupViewController.xib */; };
		38ECB4932712A40F007A776A /* AnalysisTableViewCell.swift in Sources */ = {isa = PBXBuildFile; fileRef = 38ECB4912712A40F007A776A /* AnalysisTableViewCell.swift */; };
		38ECB4942712A40F007A776A /* AnalysisTableViewCell.xib in Resources */ = {isa = PBXBuildFile; fileRef = 38ECB4922712A40F007A776A /* AnalysisTableViewCell.xib */; };
		38F5F3762712936100DCFAE9 /* AnalysisViewController.swift in Sources */ = {isa = PBXBuildFile; fileRef = 38F5F3742712936100DCFAE9 /* AnalysisViewController.swift */; };
		38F5F3772712936100DCFAE9 /* AnalysisViewController.xib in Resources */ = {isa = PBXBuildFile; fileRef = 38F5F3752712936100DCFAE9 /* AnalysisViewController.xib */; };
		3D2198D65E355CBB603442DD /* Pods_Forex_Tool.framework in Frameworks */ = {isa = PBXBuildFile; fileRef = 0B7B8772B6A4F58B747FF7C6 /* Pods_Forex_Tool.framework */; };
/* End PBXBuildFile section */

/* Begin PBXFileReference section */
		0B7B8772B6A4F58B747FF7C6 /* Pods_Forex_Tool.framework */ = {isa = PBXFileReference; explicitFileType = wrapper.framework; includeInIndex = 0; path = Pods_Forex_Tool.framework; sourceTree = BUILT_PRODUCTS_DIR; };
		20BEF89CB63D5778DA9D3742 /* Pods-Forex Tool.release.xcconfig */ = {isa = PBXFileReference; includeInIndex = 1; lastKnownFileType = text.xcconfig; name = "Pods-Forex Tool.release.xcconfig"; path = "Target Support Files/Pods-Forex Tool/Pods-Forex Tool.release.xcconfig"; sourceTree = "<group>"; };
		380B247026ECAD1900474396 /* DropDown.swift */ = {isa = PBXFileReference; lastKnownFileType = sourcecode.swift; path = DropDown.swift; sourceTree = "<group>"; };
		380B247326ECAE9D00474396 /* UpdateTransactionViewModel.swift */ = {isa = PBXFileReference; lastKnownFileType = sourcecode.swift; path = UpdateTransactionViewModel.swift; sourceTree = "<group>"; };
		380B24E426F18A4C00474396 /* EconomicCalendarViewController.swift */ = {isa = PBXFileReference; lastKnownFileType = sourcecode.swift; path = EconomicCalendarViewController.swift; sourceTree = "<group>"; };
		380B24E526F18A4D00474396 /* EconomicCalendarViewController.xib */ = {isa = PBXFileReference; lastKnownFileType = file.xib; path = EconomicCalendarViewController.xib; sourceTree = "<group>"; };
		380B251326F1974D00474396 /* index.html */ = {isa = PBXFileReference; fileEncoding = 4; lastKnownFileType = text.html; path = index.html; sourceTree = "<group>"; };
		380B251726F1D0F500474396 /* HomeNewsViewController.swift */ = {isa = PBXFileReference; lastKnownFileType = sourcecode.swift; path = HomeNewsViewController.swift; sourceTree = "<group>"; };
		380B251826F1D0F500474396 /* HomeNewsViewController.xib */ = {isa = PBXFileReference; lastKnownFileType = file.xib; path = HomeNewsViewController.xib; sourceTree = "<group>"; };
		381B8055270D915200BE8217 /* EconomicCalendarModel.swift */ = {isa = PBXFileReference; lastKnownFileType = sourcecode.swift; path = EconomicCalendarModel.swift; sourceTree = "<group>"; };
		381B8057270D93A800BE8217 /* DetailMarketViewModel.swift */ = {isa = PBXFileReference; lastKnownFileType = sourcecode.swift; path = DetailMarketViewModel.swift; sourceTree = "<group>"; };
		383B605926FD6A1E002AA0C9 /* EditProfileViewController.swift */ = {isa = PBXFileReference; lastKnownFileType = sourcecode.swift; path = EditProfileViewController.swift; sourceTree = "<group>"; };
		383B605A26FD6A1E002AA0C9 /* EditProfileViewController.xib */ = {isa = PBXFileReference; lastKnownFileType = file.xib; path = EditProfileViewController.xib; sourceTree = "<group>"; };
		383B605E26FD7CCC002AA0C9 /* EditProfileViewModel.swift */ = {isa = PBXFileReference; lastKnownFileType = sourcecode.swift; path = EditProfileViewModel.swift; sourceTree = "<group>"; };
		383B606226FF10F5002AA0C9 /* ProfitCalculatorViewController.swift */ = {isa = PBXFileReference; lastKnownFileType = sourcecode.swift; path = ProfitCalculatorViewController.swift; sourceTree = "<group>"; };
		383B606326FF10F5002AA0C9 /* ProfitCalculatorViewController.xib */ = {isa = PBXFileReference; lastKnownFileType = file.xib; path = ProfitCalculatorViewController.xib; sourceTree = "<group>"; };
		383B606926FF195A002AA0C9 /* CustomTabBar.swift */ = {isa = PBXFileReference; lastKnownFileType = sourcecode.swift; path = CustomTabBar.swift; sourceTree = "<group>"; };
		383CA9E4269AA1BE00A29E3A /* DashboardViewController.swift */ = {isa = PBXFileReference; lastKnownFileType = sourcecode.swift; path = DashboardViewController.swift; sourceTree = "<group>"; };
		383CA9E5269AA1BE00A29E3A /* DashboardViewController.xib */ = {isa = PBXFileReference; lastKnownFileType = file.xib; path = DashboardViewController.xib; sourceTree = "<group>"; };
		383CA9E9269AA1DF00A29E3A /* CreateTransactionViewController.swift */ = {isa = PBXFileReference; lastKnownFileType = sourcecode.swift; path = CreateTransactionViewController.swift; sourceTree = "<group>"; };
		383CA9EA269AA1DF00A29E3A /* CreateTransactionViewController.xib */ = {isa = PBXFileReference; lastKnownFileType = file.xib; path = CreateTransactionViewController.xib; sourceTree = "<group>"; };
		383CA9EF269AA26C00A29E3A /* ProfileViewController.swift */ = {isa = PBXFileReference; lastKnownFileType = sourcecode.swift; path = ProfileViewController.swift; sourceTree = "<group>"; };
		383CA9F0269AA26C00A29E3A /* ProfileViewController.xib */ = {isa = PBXFileReference; lastKnownFileType = file.xib; path = ProfileViewController.xib; sourceTree = "<group>"; };
		383CA9F5269AA2BA00A29E3A /* TabBarViewController.swift */ = {isa = PBXFileReference; lastKnownFileType = sourcecode.swift; path = TabBarViewController.swift; sourceTree = "<group>"; };
		383CA9F6269AA2BA00A29E3A /* TabBarViewController.xib */ = {isa = PBXFileReference; lastKnownFileType = file.xib; path = TabBarViewController.xib; sourceTree = "<group>"; };
		383CAA06269AAEAE00A29E3A /* HistoryTransactionViewController.swift */ = {isa = PBXFileReference; lastKnownFileType = sourcecode.swift; path = HistoryTransactionViewController.swift; sourceTree = "<group>"; };
		383CAA07269AAEAE00A29E3A /* HistoryTransactionViewController.xib */ = {isa = PBXFileReference; lastKnownFileType = file.xib; path = HistoryTransactionViewController.xib; sourceTree = "<group>"; };
		383CAA0D269B387D00A29E3A /* ActiveTransactionCollectionViewCell.swift */ = {isa = PBXFileReference; lastKnownFileType = sourcecode.swift; path = ActiveTransactionCollectionViewCell.swift; sourceTree = "<group>"; };
		383CAA0E269B387D00A29E3A /* ActiveTransactionCollectionViewCell.xib */ = {isa = PBXFileReference; lastKnownFileType = file.xib; path = ActiveTransactionCollectionViewCell.xib; sourceTree = "<group>"; };
		383CAA12269C946700A29E3A /* CurrencyModel.swift */ = {isa = PBXFileReference; lastKnownFileType = sourcecode.swift; path = CurrencyModel.swift; sourceTree = "<group>"; };
		38495CC927096D2D004F0423 /* EditReasonPopupViewController.swift */ = {isa = PBXFileReference; lastKnownFileType = sourcecode.swift; path = EditReasonPopupViewController.swift; sourceTree = "<group>"; };
		38495CCA27096D2D004F0423 /* EditReasonPopupViewController.xib */ = {isa = PBXFileReference; lastKnownFileType = file.xib; path = EditReasonPopupViewController.xib; sourceTree = "<group>"; };
		3851DB0F26A3CD16008769B0 /* ManageTransactionViewController.swift */ = {isa = PBXFileReference; lastKnownFileType = sourcecode.swift; path = ManageTransactionViewController.swift; sourceTree = "<group>"; };
		3851DB1026A3CD16008769B0 /* ManageTransactionViewController.xib */ = {isa = PBXFileReference; lastKnownFileType = file.xib; path = ManageTransactionViewController.xib; sourceTree = "<group>"; };
		3851DB1526A3CEF6008769B0 /* ManagerTransactionTableViewCell.swift */ = {isa = PBXFileReference; lastKnownFileType = sourcecode.swift; path = ManagerTransactionTableViewCell.swift; sourceTree = "<group>"; };
		3851DB1626A3CEF6008769B0 /* ManagerTransactionTableViewCell.xib */ = {isa = PBXFileReference; lastKnownFileType = file.xib; path = ManagerTransactionTableViewCell.xib; sourceTree = "<group>"; };
		3851DB1A26A86D1F008769B0 /* FilterObjectModel.swift */ = {isa = PBXFileReference; lastKnownFileType = sourcecode.swift; path = FilterObjectModel.swift; sourceTree = "<group>"; };
		38551FCF26A2CA9600FFC1D2 /* TransactionModel.swift */ = {isa = PBXFileReference; lastKnownFileType = sourcecode.swift; path = TransactionModel.swift; sourceTree = "<group>"; };
		38551FD226A2D25200FFC1D2 /* DashboardViewModel.swift */ = {isa = PBXFileReference; lastKnownFileType = sourcecode.swift; path = DashboardViewModel.swift; sourceTree = "<group>"; };
		387DE88726F9D5E90074E6E4 /* BaseViewController.swift */ = {isa = PBXFileReference; lastKnownFileType = sourcecode.swift; path = BaseViewController.swift; sourceTree = "<group>"; };
		388206BB270891E4001315B5 /* PricePairCurrencyModel.swift */ = {isa = PBXFileReference; lastKnownFileType = sourcecode.swift; path = PricePairCurrencyModel.swift; sourceTree = "<group>"; };
		388264D2271BBCC400FCC927 /* Forex Tool.entitlements */ = {isa = PBXFileReference; lastKnownFileType = text.plist.entitlements; path = "Forex Tool.entitlements"; sourceTree = "<group>"; };
		388264D3271BCADC00FCC927 /* GoogleService-Info.plist */ = {isa = PBXFileReference; fileEncoding = 4; lastKnownFileType = text.plist.xml; path = "GoogleService-Info.plist"; sourceTree = "<group>"; };
		3886C9ED2702063B00C834B3 /* PositionSizeAndRiskCalculatorViewController.swift */ = {isa = PBXFileReference; lastKnownFileType = sourcecode.swift; path = PositionSizeAndRiskCalculatorViewController.swift; sourceTree = "<group>"; };
		3886C9EE2702063B00C834B3 /* PositionSizeAndRiskCalculatorViewController.xib */ = {isa = PBXFileReference; lastKnownFileType = file.xib; path = PositionSizeAndRiskCalculatorViewController.xib; sourceTree = "<group>"; };
		3886C9F62703467900C834B3 /* HomeCalculationViewController.swift */ = {isa = PBXFileReference; lastKnownFileType = sourcecode.swift; path = HomeCalculationViewController.swift; sourceTree = "<group>"; };
		3886C9F72703467900C834B3 /* HomeCalculationViewController.xib */ = {isa = PBXFileReference; lastKnownFileType = file.xib; path = HomeCalculationViewController.xib; sourceTree = "<group>"; };
		3886C9FC270406B300C834B3 /* PipValueViewController.swift */ = {isa = PBXFileReference; lastKnownFileType = sourcecode.swift; path = PipValueViewController.swift; sourceTree = "<group>"; };
		3886C9FD270406B300C834B3 /* PipValueViewController.xib */ = {isa = PBXFileReference; lastKnownFileType = file.xib; path = PipValueViewController.xib; sourceTree = "<group>"; };
		388719ED26F1EECD00DC3F5C /* TypeNewCollectionViewCell.swift */ = {isa = PBXFileReference; lastKnownFileType = sourcecode.swift; path = TypeNewCollectionViewCell.swift; sourceTree = "<group>"; };
		388719EE26F1EECD00DC3F5C /* TypeNewCollectionViewCell.xib */ = {isa = PBXFileReference; lastKnownFileType = file.xib; path = TypeNewCollectionViewCell.xib; sourceTree = "<group>"; };
		388719F426F1FDBC00DC3F5C /* NewsHeaderView.swift */ = {isa = PBXFileReference; lastKnownFileType = sourcecode.swift; path = NewsHeaderView.swift; sourceTree = "<group>"; };
		388719F826F1FDD200DC3F5C /* NewsHeaderView.xib */ = {isa = PBXFileReference; lastKnownFileType = file.xib; path = NewsHeaderView.xib; sourceTree = "<group>"; };
		388719FB26F2E1C900DC3F5C /* NewsTableViewCell.swift */ = {isa = PBXFileReference; lastKnownFileType = sourcecode.swift; path = NewsTableViewCell.swift; sourceTree = "<group>"; };
		388719FC26F2E1C900DC3F5C /* NewsTableViewCell.xib */ = {isa = PBXFileReference; lastKnownFileType = file.xib; path = NewsTableViewCell.xib; sourceTree = "<group>"; };
		38871A2926F3251100DC3F5C /* HomeNewsViewModel.swift */ = {isa = PBXFileReference; lastKnownFileType = sourcecode.swift; path = HomeNewsViewModel.swift; sourceTree = "<group>"; };
		38871A2C26F32C1F00DC3F5C /* NewsModel.swift */ = {isa = PBXFileReference; lastKnownFileType = sourcecode.swift; path = NewsModel.swift; sourceTree = "<group>"; };
		38871A5626F4585D00DC3F5C /* DetailNewsViewController.swift */ = {isa = PBXFileReference; lastKnownFileType = sourcecode.swift; path = DetailNewsViewController.swift; sourceTree = "<group>"; };
		38871A5726F4585D00DC3F5C /* DetailNewsViewController.xib */ = {isa = PBXFileReference; lastKnownFileType = file.xib; path = DetailNewsViewController.xib; sourceTree = "<group>"; };
		3894D6B02709F0200028F2E4 /* EditReasonTransactionViewModel.swift */ = {isa = PBXFileReference; lastKnownFileType = sourcecode.swift; path = EditReasonTransactionViewModel.swift; sourceTree = "<group>"; };
		3894D6B42709F92E0028F2E4 /* DetailTransactionViewController.swift */ = {isa = PBXFileReference; lastKnownFileType = sourcecode.swift; path = DetailTransactionViewController.swift; sourceTree = "<group>"; };
		3894D6B52709F92E0028F2E4 /* DetailTransactionViewController.xib */ = {isa = PBXFileReference; lastKnownFileType = file.xib; path = DetailTransactionViewController.xib; sourceTree = "<group>"; };
		3894D6B9270AB0A90028F2E4 /* HomeMarketViewController.swift */ = {isa = PBXFileReference; lastKnownFileType = sourcecode.swift; path = HomeMarketViewController.swift; sourceTree = "<group>"; };
		3894D6BA270AB0A90028F2E4 /* HomeMarketViewController.xib */ = {isa = PBXFileReference; lastKnownFileType = file.xib; path = HomeMarketViewController.xib; sourceTree = "<group>"; };
		3894D6BE270AB26E0028F2E4 /* HomeMarketCollectionViewCell.swift */ = {isa = PBXFileReference; lastKnownFileType = sourcecode.swift; path = HomeMarketCollectionViewCell.swift; sourceTree = "<group>"; };
		3894D6BF270AB26E0028F2E4 /* HomeMarketCollectionViewCell.xib */ = {isa = PBXFileReference; lastKnownFileType = file.xib; path = HomeMarketCollectionViewCell.xib; sourceTree = "<group>"; };
		38A3F10A26A9241C0032400F /* UpdateTransactionViewController.swift */ = {isa = PBXFileReference; lastKnownFileType = sourcecode.swift; path = UpdateTransactionViewController.swift; sourceTree = "<group>"; };
		38A3F10B26A9241C0032400F /* UpdateTransactionViewController.xib */ = {isa = PBXFileReference; lastKnownFileType = file.xib; path = UpdateTransactionViewController.xib; sourceTree = "<group>"; };
		38A54636270AF40900D2CE39 /* HomeMarketViewModel.swift */ = {isa = PBXFileReference; lastKnownFileType = sourcecode.swift; path = HomeMarketViewModel.swift; sourceTree = "<group>"; };
		38A54638270D39E400D2CE39 /* DetailMarketViewController.swift */ = {isa = PBXFileReference; lastKnownFileType = sourcecode.swift; path = DetailMarketViewController.swift; sourceTree = "<group>"; };
		38A54639270D39E400D2CE39 /* DetailMarketViewController.xib */ = {isa = PBXFileReference; lastKnownFileType = file.xib; path = DetailMarketViewController.xib; sourceTree = "<group>"; };
		38A5463D270D403100D2CE39 /* DetailMarketHeaderView.swift */ = {isa = PBXFileReference; lastKnownFileType = sourcecode.swift; path = DetailMarketHeaderView.swift; sourceTree = "<group>"; };
		38A5463F270D404D00D2CE39 /* DetailMarketHeaderView.xib */ = {isa = PBXFileReference; lastKnownFileType = file.xib; path = DetailMarketHeaderView.xib; sourceTree = "<group>"; };
		38A54641270D45A800D2CE39 /* BasicInfoTableViewCell.swift */ = {isa = PBXFileReference; lastKnownFileType = sourcecode.swift; path = BasicInfoTableViewCell.swift; sourceTree = "<group>"; };
		38A54642270D45A800D2CE39 /* BasicInfoTableViewCell.xib */ = {isa = PBXFileReference; lastKnownFileType = file.xib; path = BasicInfoTableViewCell.xib; sourceTree = "<group>"; };
		38A54645270D46DC00D2CE39 /* EconomicCalenderTableViewCell.swift */ = {isa = PBXFileReference; lastKnownFileType = sourcecode.swift; path = EconomicCalenderTableViewCell.swift; sourceTree = "<group>"; };
		38A54646270D46DC00D2CE39 /* EconomicCalenderTableViewCell.xib */ = {isa = PBXFileReference; lastKnownFileType = file.xib; path = EconomicCalenderTableViewCell.xib; sourceTree = "<group>"; };
		38B0C4EB269D7F1D009D968C /* ListPairCurrencyViewController.swift */ = {isa = PBXFileReference; lastKnownFileType = sourcecode.swift; path = ListPairCurrencyViewController.swift; sourceTree = "<group>"; };
		38B0C4EC269D7F1D009D968C /* ListPairCurrencyViewController.xib */ = {isa = PBXFileReference; lastKnownFileType = file.xib; path = ListPairCurrencyViewController.xib; sourceTree = "<group>"; };
		38B0C4F0269D8181009D968C /* ListPairCurrencyTableViewCell.swift */ = {isa = PBXFileReference; lastKnownFileType = sourcecode.swift; path = ListPairCurrencyTableViewCell.swift; sourceTree = "<group>"; };
		38B0C4F1269D8181009D968C /* ListPairCurrencyTableViewCell.xib */ = {isa = PBXFileReference; lastKnownFileType = file.xib; path = ListPairCurrencyTableViewCell.xib; sourceTree = "<group>"; };
		38B0C4F5269D879D009D968C /* ListPairCurrencyViewModel.swift */ = {isa = PBXFileReference; lastKnownFileType = sourcecode.swift; path = ListPairCurrencyViewModel.swift; sourceTree = "<group>"; };
		38B0C517269D8BFB009D968C /* PairCurrencyModel.swift */ = {isa = PBXFileReference; lastKnownFileType = sourcecode.swift; path = PairCurrencyModel.swift; sourceTree = "<group>"; };
		38B0C51A269D99B8009D968C /* CreateTransactionViewModel.swift */ = {isa = PBXFileReference; lastKnownFileType = sourcecode.swift; path = CreateTransactionViewModel.swift; sourceTree = "<group>"; };
		38B0C51D269E808A009D968C /* Enum.swift */ = {isa = PBXFileReference; lastKnownFileType = sourcecode.swift; path = Enum.swift; sourceTree = "<group>"; };
		38B9BBF8271027A800E153E7 /* DatePickerPopupViewController.swift */ = {isa = PBXFileReference; lastKnownFileType = sourcecode.swift; path = DatePickerPopupViewController.swift; sourceTree = "<group>"; };
		38B9BBF9271027A800E153E7 /* DatePickerPopupViewController.xib */ = {isa = PBXFileReference; lastKnownFileType = file.xib; path = DatePickerPopupViewController.xib; sourceTree = "<group>"; };
		38C723AE2696989A00E810F9 /* Forex Tool.app */ = {isa = PBXFileReference; explicitFileType = wrapper.application; includeInIndex = 0; path = "Forex Tool.app"; sourceTree = BUILT_PRODUCTS_DIR; };
		38C723B12696989A00E810F9 /* AppDelegate.swift */ = {isa = PBXFileReference; lastKnownFileType = sourcecode.swift; path = AppDelegate.swift; sourceTree = "<group>"; };
		38C723BA2696989C00E810F9 /* Assets.xcassets */ = {isa = PBXFileReference; lastKnownFileType = folder.assetcatalog; path = Assets.xcassets; sourceTree = "<group>"; };
		38C723BD2696989C00E810F9 /* Base */ = {isa = PBXFileReference; lastKnownFileType = file.storyboard; name = Base; path = Base.lproj/LaunchScreen.storyboard; sourceTree = "<group>"; };
		38C723BF2696989C00E810F9 /* Info.plist */ = {isa = PBXFileReference; lastKnownFileType = text.plist.xml; path = Info.plist; sourceTree = "<group>"; };
		38C723EB26969D6C00E810F9 /* LoginViewController.swift */ = {isa = PBXFileReference; lastKnownFileType = sourcecode.swift; path = LoginViewController.swift; sourceTree = "<group>"; };
		38C723EC26969D6C00E810F9 /* LoginViewController.xib */ = {isa = PBXFileReference; lastKnownFileType = file.xib; path = LoginViewController.xib; sourceTree = "<group>"; };
		38C723F026969D9700E810F9 /* RegisterViewController.swift */ = {isa = PBXFileReference; lastKnownFileType = sourcecode.swift; path = RegisterViewController.swift; sourceTree = "<group>"; };
		38C723F126969D9700E810F9 /* RegisterViewController.xib */ = {isa = PBXFileReference; lastKnownFileType = file.xib; path = RegisterViewController.xib; sourceTree = "<group>"; };
		38C723FA26969FB100E810F9 /* WellcomeViewController.swift */ = {isa = PBXFileReference; lastKnownFileType = sourcecode.swift; path = WellcomeViewController.swift; sourceTree = "<group>"; };
		38C723FB26969FB100E810F9 /* WellcomeViewController.xib */ = {isa = PBXFileReference; lastKnownFileType = file.xib; path = WellcomeViewController.xib; sourceTree = "<group>"; };
		38C7240026972DA900E810F9 /* Roboto-Medium.ttf */ = {isa = PBXFileReference; lastKnownFileType = file; path = "Roboto-Medium.ttf"; sourceTree = "<group>"; };
		38C7240126972DA900E810F9 /* Roboto-Light.ttf */ = {isa = PBXFileReference; lastKnownFileType = file; path = "Roboto-Light.ttf"; sourceTree = "<group>"; };
		38C7240226972DA900E810F9 /* Roboto-Regular.ttf */ = {isa = PBXFileReference; lastKnownFileType = file; path = "Roboto-Regular.ttf"; sourceTree = "<group>"; };
		38C7240326972DA900E810F9 /* Roboto-MediumItalic.ttf */ = {isa = PBXFileReference; lastKnownFileType = file; path = "Roboto-MediumItalic.ttf"; sourceTree = "<group>"; };
		38C7240426972DA900E810F9 /* Roboto-ThinItalic.ttf */ = {isa = PBXFileReference; lastKnownFileType = file; path = "Roboto-ThinItalic.ttf"; sourceTree = "<group>"; };
		38C7240526972DA900E810F9 /* Roboto-BoldItalic.ttf */ = {isa = PBXFileReference; lastKnownFileType = file; path = "Roboto-BoldItalic.ttf"; sourceTree = "<group>"; };
		38C7240626972DA900E810F9 /* Roboto-LightItalic.ttf */ = {isa = PBXFileReference; lastKnownFileType = file; path = "Roboto-LightItalic.ttf"; sourceTree = "<group>"; };
		38C7240726972DA900E810F9 /* Roboto-Italic.ttf */ = {isa = PBXFileReference; lastKnownFileType = file; path = "Roboto-Italic.ttf"; sourceTree = "<group>"; };
		38C7240826972DA900E810F9 /* Roboto-BlackItalic.ttf */ = {isa = PBXFileReference; lastKnownFileType = file; path = "Roboto-BlackItalic.ttf"; sourceTree = "<group>"; };
		38C7240926972DA900E810F9 /* Roboto-Bold.ttf */ = {isa = PBXFileReference; lastKnownFileType = file; path = "Roboto-Bold.ttf"; sourceTree = "<group>"; };
		38C7240A26972DA900E810F9 /* Roboto-Thin.ttf */ = {isa = PBXFileReference; lastKnownFileType = file; path = "Roboto-Thin.ttf"; sourceTree = "<group>"; };
		38C7240B26972DA900E810F9 /* Roboto-Black.ttf */ = {isa = PBXFileReference; lastKnownFileType = file; path = "Roboto-Black.ttf"; sourceTree = "<group>"; };
		38C7241A2697364C00E810F9 /* CustomeView.swift */ = {isa = PBXFileReference; lastKnownFileType = sourcecode.swift; path = CustomeView.swift; sourceTree = "<group>"; };
		38C7241D26973A0700E810F9 /* CustomeBoderRadiusView.swift */ = {isa = PBXFileReference; lastKnownFileType = sourcecode.swift; path = CustomeBoderRadiusView.swift; sourceTree = "<group>"; };
		38C724492697596000E810F9 /* String Extension.swift */ = {isa = PBXFileReference; lastKnownFileType = sourcecode.swift; path = "String Extension.swift"; sourceTree = "<group>"; };
		38C7244C26975A2B00E810F9 /* HelperMethod.swift */ = {isa = PBXFileReference; lastKnownFileType = sourcecode.swift; path = HelperMethod.swift; sourceTree = "<group>"; };
		38C7244F26975AE200E810F9 /* UIWindow_Extension.swift */ = {isa = PBXFileReference; lastKnownFileType = sourcecode.swift; path = UIWindow_Extension.swift; sourceTree = "<group>"; };
		38C724542697E9DE00E810F9 /* AuthViewModel.swift */ = {isa = PBXFileReference; lastKnownFileType = sourcecode.swift; path = AuthViewModel.swift; sourceTree = "<group>"; };
		38C724D926980B3600E810F9 /* Constant.swift */ = {isa = PBXFileReference; lastKnownFileType = sourcecode.swift; path = Constant.swift; sourceTree = "<group>"; };
		38C724FA269842CF00E810F9 /* UserModel.swift */ = {isa = PBXFileReference; lastKnownFileType = sourcecode.swift; path = UserModel.swift; sourceTree = "<group>"; };
		38D7CC252706F942004297AF /* vi */ = {isa = PBXFileReference; lastKnownFileType = text.plist.strings; name = vi; path = vi.lproj/LaunchScreen.strings; sourceTree = "<group>"; };
		38D7CC282706F96E004297AF /* en */ = {isa = PBXFileReference; lastKnownFileType = text.plist.strings; name = en; path = en.lproj/Localizable.strings; sourceTree = "<group>"; };
		38D7CC2A2706F977004297AF /* vi */ = {isa = PBXFileReference; lastKnownFileType = text.plist.strings; name = vi; path = vi.lproj/Localizable.strings; sourceTree = "<group>"; };
		38DC121F26F5893100256975 /* LongShortRatioViewController.swift */ = {isa = PBXFileReference; lastKnownFileType = sourcecode.swift; path = LongShortRatioViewController.swift; sourceTree = "<group>"; };
		38DC122026F5893100256975 /* LongShortRatioViewController.xib */ = {isa = PBXFileReference; lastKnownFileType = file.xib; path = LongShortRatioViewController.xib; sourceTree = "<group>"; };
		38DC122526F59EE900256975 /* LongShortRatioTableViewCell.swift */ = {isa = PBXFileReference; lastKnownFileType = sourcecode.swift; path = LongShortRatioTableViewCell.swift; sourceTree = "<group>"; };
		38DC122626F59EE900256975 /* LongShortRatioTableViewCell.xib */ = {isa = PBXFileReference; lastKnownFileType = file.xib; path = LongShortRatioTableViewCell.xib; sourceTree = "<group>"; };
		38DC125926F5BC4100256975 /* ExchangeLongShortRatioModel.swift */ = {isa = PBXFileReference; lastKnownFileType = sourcecode.swift; path = ExchangeLongShortRatioModel.swift; sourceTree = "<group>"; };
		38DC125C26F5C74600256975 /* LongShortRatioViewModel.swift */ = {isa = PBXFileReference; lastKnownFileType = sourcecode.swift; path = LongShortRatioViewModel.swift; sourceTree = "<group>"; };
		38DC128A26F6DD7400256975 /* LongShortRatioFooterView.xib */ = {isa = PBXFileReference; lastKnownFileType = file.xib; path = LongShortRatioFooterView.xib; sourceTree = "<group>"; };
		38DC129126F6DF3B00256975 /* LongShortRatioFooterView.swift */ = {isa = PBXFileReference; lastKnownFileType = sourcecode.swift; path = LongShortRatioFooterView.swift; sourceTree = "<group>"; };
		38DC12E726F8CE4F00256975 /* AddPersonalInfoPoupViewController.swift */ = {isa = PBXFileReference; lastKnownFileType = sourcecode.swift; path = AddPersonalInfoPoupViewController.swift; sourceTree = "<group>"; };
		38DC12E826F8CE4F00256975 /* AddPersonalInfoPoupViewController.xib */ = {isa = PBXFileReference; lastKnownFileType = file.xib; path = AddPersonalInfoPoupViewController.xib; sourceTree = "<group>"; };
		38DC12EC26F8CE7D00256975 /* EditProfilePopupViewController.swift */ = {isa = PBXFileReference; lastKnownFileType = sourcecode.swift; path = EditProfilePopupViewController.swift; sourceTree = "<group>"; };
		38DC12ED26F8CE7D00256975 /* EditProfilePopupViewController.xib */ = {isa = PBXFileReference; lastKnownFileType = file.xib; path = EditProfilePopupViewController.xib; sourceTree = "<group>"; };
		38ECB4912712A40F007A776A /* AnalysisTableViewCell.swift */ = {isa = PBXFileReference; lastKnownFileType = sourcecode.swift; path = AnalysisTableViewCell.swift; sourceTree = "<group>"; };
		38ECB4922712A40F007A776A /* AnalysisTableViewCell.xib */ = {isa = PBXFileReference; lastKnownFileType = file.xib; path = AnalysisTableViewCell.xib; sourceTree = "<group>"; };
		38F5F3742712936100DCFAE9 /* AnalysisViewController.swift */ = {isa = PBXFileReference; lastKnownFileType = sourcecode.swift; path = AnalysisViewController.swift; sourceTree = "<group>"; };
		38F5F3752712936100DCFAE9 /* AnalysisViewController.xib */ = {isa = PBXFileReference; lastKnownFileType = file.xib; path = AnalysisViewController.xib; sourceTree = "<group>"; };
		598332932A1693D7BE617DAD /* Pods-Forex Tool.debug.xcconfig */ = {isa = PBXFileReference; includeInIndex = 1; lastKnownFileType = text.xcconfig; name = "Pods-Forex Tool.debug.xcconfig"; path = "Target Support Files/Pods-Forex Tool/Pods-Forex Tool.debug.xcconfig"; sourceTree = "<group>"; };
/* End PBXFileReference section */

/* Begin PBXFrameworksBuildPhase section */
		38C723AB2696989A00E810F9 /* Frameworks */ = {
			isa = PBXFrameworksBuildPhase;
			buildActionMask = 2147483647;
			files = (
				3D2198D65E355CBB603442DD /* Pods_Forex_Tool.framework in Frameworks */,
			);
			runOnlyForDeploymentPostprocessing = 0;
		};
/* End PBXFrameworksBuildPhase section */

/* Begin PBXGroup section */
		380B247626EDE1B700474396 /* Cell */ = {
			isa = PBXGroup;
			children = (
				38B0C4F0269D8181009D968C /* ListPairCurrencyTableViewCell.swift */,
				38B0C4F1269D8181009D968C /* ListPairCurrencyTableViewCell.xib */,
			);
			path = Cell;
			sourceTree = "<group>";
		};
		380B24E326F189E900474396 /* EconomicCalendar */ = {
			isa = PBXGroup;
			children = (
				380B24E426F18A4C00474396 /* EconomicCalendarViewController.swift */,
				380B24E526F18A4D00474396 /* EconomicCalendarViewController.xib */,
			);
			path = EconomicCalendar;
			sourceTree = "<group>";
		};
		380B251626F1D0A300474396 /* EconomicNews */ = {
			isa = PBXGroup;
			children = (
				388719F326F1FD8D00DC3F5C /* HeaderView */,
				388719EC26F1EE8400DC3F5C /* Cell */,
				380B251726F1D0F500474396 /* HomeNewsViewController.swift */,
				380B251826F1D0F500474396 /* HomeNewsViewController.xib */,
				38871A5626F4585D00DC3F5C /* DetailNewsViewController.swift */,
				38871A5726F4585D00DC3F5C /* DetailNewsViewController.xib */,
			);
			path = EconomicNews;
			sourceTree = "<group>";
		};
		383B605826FD69F7002AA0C9 /* EditProfile */ = {
			isa = PBXGroup;
			children = (
				383B605926FD6A1E002AA0C9 /* EditProfileViewController.swift */,
				383B605A26FD6A1E002AA0C9 /* EditProfileViewController.xib */,
			);
			path = EditProfile;
			sourceTree = "<group>";
		};
		383B606126FF10D8002AA0C9 /* CalculationTool */ = {
			isa = PBXGroup;
			children = (
				383B606226FF10F5002AA0C9 /* ProfitCalculatorViewController.swift */,
				383B606326FF10F5002AA0C9 /* ProfitCalculatorViewController.xib */,
				3886C9ED2702063B00C834B3 /* PositionSizeAndRiskCalculatorViewController.swift */,
				3886C9EE2702063B00C834B3 /* PositionSizeAndRiskCalculatorViewController.xib */,
				3886C9F62703467900C834B3 /* HomeCalculationViewController.swift */,
				3886C9F72703467900C834B3 /* HomeCalculationViewController.xib */,
				3886C9FC270406B300C834B3 /* PipValueViewController.swift */,
				3886C9FD270406B300C834B3 /* PipValueViewController.xib */,
			);
			path = CalculationTool;
			sourceTree = "<group>";
		};
		383CA9E1269AA14400A29E3A /* Dashboard */ = {
			isa = PBXGroup;
			children = (
				383CAA0B269B381800A29E3A /* Cell */,
				383CA9E4269AA1BE00A29E3A /* DashboardViewController.swift */,
				383CA9E5269AA1BE00A29E3A /* DashboardViewController.xib */,
			);
			path = Dashboard;
			sourceTree = "<group>";
		};
		383CA9E3269AA18100A29E3A /* CreateTransaction */ = {
			isa = PBXGroup;
			children = (
				380B247626EDE1B700474396 /* Cell */,
				383CA9E9269AA1DF00A29E3A /* CreateTransactionViewController.swift */,
				383CA9EA269AA1DF00A29E3A /* CreateTransactionViewController.xib */,
				38B0C4EB269D7F1D009D968C /* ListPairCurrencyViewController.swift */,
				38B0C4EC269D7F1D009D968C /* ListPairCurrencyViewController.xib */,
			);
			path = CreateTransaction;
			sourceTree = "<group>";
		};
		383CA9EE269AA25700A29E3A /* Profile */ = {
			isa = PBXGroup;
			children = (
				383CA9EF269AA26C00A29E3A /* ProfileViewController.swift */,
				383CA9F0269AA26C00A29E3A /* ProfileViewController.xib */,
			);
			path = Profile;
			sourceTree = "<group>";
		};
		383CA9FE269AABC100A29E3A /* Transaction */ = {
			isa = PBXGroup;
			children = (
				383CAA06269AAEAE00A29E3A /* HistoryTransactionViewController.swift */,
				383CAA07269AAEAE00A29E3A /* HistoryTransactionViewController.xib */,
			);
			path = Transaction;
			sourceTree = "<group>";
		};
		383CAA0B269B381800A29E3A /* Cell */ = {
			isa = PBXGroup;
			children = (
				383CAA0D269B387D00A29E3A /* ActiveTransactionCollectionViewCell.swift */,
				383CAA0E269B387D00A29E3A /* ActiveTransactionCollectionViewCell.xib */,
			);
			path = Cell;
			sourceTree = "<group>";
		};
		3851DB0E26A3CCDE008769B0 /* ManageTransaction */ = {
			isa = PBXGroup;
			children = (
				3851DB1426A3CED1008769B0 /* Cell */,
				3851DB0F26A3CD16008769B0 /* ManageTransactionViewController.swift */,
				3851DB1026A3CD16008769B0 /* ManageTransactionViewController.xib */,
			);
			path = ManageTransaction;
			sourceTree = "<group>";
		};
		3851DB1426A3CED1008769B0 /* Cell */ = {
			isa = PBXGroup;
			children = (
				3851DB1526A3CEF6008769B0 /* ManagerTransactionTableViewCell.swift */,
				3851DB1626A3CEF6008769B0 /* ManagerTransactionTableViewCell.xib */,
			);
			path = Cell;
			sourceTree = "<group>";
		};
		388719EC26F1EE8400DC3F5C /* Cell */ = {
			isa = PBXGroup;
			children = (
				388719ED26F1EECD00DC3F5C /* TypeNewCollectionViewCell.swift */,
				388719EE26F1EECD00DC3F5C /* TypeNewCollectionViewCell.xib */,
				388719FB26F2E1C900DC3F5C /* NewsTableViewCell.swift */,
				388719FC26F2E1C900DC3F5C /* NewsTableViewCell.xib */,
			);
			path = Cell;
			sourceTree = "<group>";
		};
		388719F326F1FD8D00DC3F5C /* HeaderView */ = {
			isa = PBXGroup;
			children = (
				388719F426F1FDBC00DC3F5C /* NewsHeaderView.swift */,
				388719F826F1FDD200DC3F5C /* NewsHeaderView.xib */,
			);
			path = HeaderView;
			sourceTree = "<group>";
		};
		3894D6B22709F8CA0028F2E4 /* TabBar */ = {
			isa = PBXGroup;
			children = (
				383CA9F5269AA2BA00A29E3A /* TabBarViewController.swift */,
				383CA9F6269AA2BA00A29E3A /* TabBarViewController.xib */,
				383B606926FF195A002AA0C9 /* CustomTabBar.swift */,
			);
			path = TabBar;
			sourceTree = "<group>";
		};
		3894D6B32709F9000028F2E4 /* DetailTransaction */ = {
			isa = PBXGroup;
			children = (
				3894D6B42709F92E0028F2E4 /* DetailTransactionViewController.swift */,
				3894D6B52709F92E0028F2E4 /* DetailTransactionViewController.xib */,
			);
			path = DetailTransaction;
			sourceTree = "<group>";
		};
		3894D6B8270AB0850028F2E4 /* Market */ = {
			isa = PBXGroup;
			children = (
				38A5463C270D3FE200D2CE39 /* HeaderView */,
				3894D6BD270AB24E0028F2E4 /* Cell */,
				3894D6B9270AB0A90028F2E4 /* HomeMarketViewController.swift */,
				3894D6BA270AB0A90028F2E4 /* HomeMarketViewController.xib */,
				38A54638270D39E400D2CE39 /* DetailMarketViewController.swift */,
				38A54639270D39E400D2CE39 /* DetailMarketViewController.xib */,
			);
			path = Market;
			sourceTree = "<group>";
		};
		3894D6BD270AB24E0028F2E4 /* Cell */ = {
			isa = PBXGroup;
			children = (
				3894D6BE270AB26E0028F2E4 /* HomeMarketCollectionViewCell.swift */,
				3894D6BF270AB26E0028F2E4 /* HomeMarketCollectionViewCell.xib */,
				38A54641270D45A800D2CE39 /* BasicInfoTableViewCell.swift */,
				38A54642270D45A800D2CE39 /* BasicInfoTableViewCell.xib */,
				38A54645270D46DC00D2CE39 /* EconomicCalenderTableViewCell.swift */,
				38A54646270D46DC00D2CE39 /* EconomicCalenderTableViewCell.xib */,
			);
			path = Cell;
			sourceTree = "<group>";
		};
		38A5463C270D3FE200D2CE39 /* HeaderView */ = {
			isa = PBXGroup;
			children = (
				38A5463D270D403100D2CE39 /* DetailMarketHeaderView.swift */,
				38A5463F270D404D00D2CE39 /* DetailMarketHeaderView.xib */,
			);
			path = HeaderView;
			sourceTree = "<group>";
		};
		38C723A52696989A00E810F9 = {
			isa = PBXGroup;
			children = (
				38C723B02696989A00E810F9 /* Forex Tool */,
				38C723AF2696989A00E810F9 /* Products */,
				5DDA7B0A47E19186E35C0E3D /* Pods */,
				99239B0B56643ECFAEE631AC /* Frameworks */,
			);
			sourceTree = "<group>";
		};
		38C723AF2696989A00E810F9 /* Products */ = {
			isa = PBXGroup;
			children = (
				38C723AE2696989A00E810F9 /* Forex Tool.app */,
			);
			name = Products;
			sourceTree = "<group>";
		};
		38C723B02696989A00E810F9 /* Forex Tool */ = {
			isa = PBXGroup;
			children = (
				388264D2271BBCC400FCC927 /* Forex Tool.entitlements */,
				38C724532697E98100E810F9 /* Service */,
				38C723F526969DFD00E810F9 /* Ultils */,
				38C723E926969D3100E810F9 /* Model */,
				38C723E826969D0800E810F9 /* ViewController */,
				38C723E726969CF200E810F9 /* View */,
				38C723E626969CD500E810F9 /* ViewModel */,
				38C723B12696989A00E810F9 /* AppDelegate.swift */,
				38C723BA2696989C00E810F9 /* Assets.xcassets */,
				38C723BC2696989C00E810F9 /* LaunchScreen.storyboard */,
				38C723BF2696989C00E810F9 /* Info.plist */,
				388264D3271BCADC00FCC927 /* GoogleService-Info.plist */,
				38D7CC292706F96E004297AF /* Localizable.strings */,
			);
			path = "Forex Tool";
			sourceTree = "<group>";
		};
		38C723E626969CD500E810F9 /* ViewModel */ = {
			isa = PBXGroup;
			children = (
				38C724542697E9DE00E810F9 /* AuthViewModel.swift */,
				38B0C4F5269D879D009D968C /* ListPairCurrencyViewModel.swift */,
				38B0C51A269D99B8009D968C /* CreateTransactionViewModel.swift */,
				38551FD226A2D25200FFC1D2 /* DashboardViewModel.swift */,
				380B247326ECAE9D00474396 /* UpdateTransactionViewModel.swift */,
				38871A2926F3251100DC3F5C /* HomeNewsViewModel.swift */,
				38DC125C26F5C74600256975 /* LongShortRatioViewModel.swift */,
				383B605E26FD7CCC002AA0C9 /* EditProfileViewModel.swift */,
				3894D6B02709F0200028F2E4 /* EditReasonTransactionViewModel.swift */,
				38A54636270AF40900D2CE39 /* HomeMarketViewModel.swift */,
				381B8057270D93A800BE8217 /* DetailMarketViewModel.swift */,
			);
			path = ViewModel;
			sourceTree = "<group>";
		};
		38C723E726969CF200E810F9 /* View */ = {
			isa = PBXGroup;
			children = (
				38C7241A2697364C00E810F9 /* CustomeView.swift */,
				38C7241D26973A0700E810F9 /* CustomeBoderRadiusView.swift */,
			);
			path = View;
			sourceTree = "<group>";
		};
		38C723E826969D0800E810F9 /* ViewController */ = {
			isa = PBXGroup;
			children = (
				38F5F3732712933F00DCFAE9 /* Analysis */,
				3894D6B8270AB0850028F2E4 /* Market */,
				3894D6B32709F9000028F2E4 /* DetailTransaction */,
				3894D6B22709F8CA0028F2E4 /* TabBar */,
				383B606126FF10D8002AA0C9 /* CalculationTool */,
				383B605826FD69F7002AA0C9 /* EditProfile */,
				38DC12E626F8CDF200256975 /* PodupView */,
				38DC121E26F5891500256975 /* LongShortRatio */,
				380B251626F1D0A300474396 /* EconomicNews */,
				380B24E326F189E900474396 /* EconomicCalendar */,
				3851DB0E26A3CCDE008769B0 /* ManageTransaction */,
				383CA9FE269AABC100A29E3A /* Transaction */,
				383CA9EE269AA25700A29E3A /* Profile */,
				383CA9E3269AA18100A29E3A /* CreateTransaction */,
				383CA9E1269AA14400A29E3A /* Dashboard */,
				38C723EA26969D3E00E810F9 /* Authentication */,
				387DE88726F9D5E90074E6E4 /* BaseViewController.swift */,
			);
			path = ViewController;
			sourceTree = "<group>";
		};
		38C723E926969D3100E810F9 /* Model */ = {
			isa = PBXGroup;
			children = (
				38C724FA269842CF00E810F9 /* UserModel.swift */,
				383CAA12269C946700A29E3A /* CurrencyModel.swift */,
				38B0C517269D8BFB009D968C /* PairCurrencyModel.swift */,
				38551FCF26A2CA9600FFC1D2 /* TransactionModel.swift */,
				3851DB1A26A86D1F008769B0 /* FilterObjectModel.swift */,
				38871A2C26F32C1F00DC3F5C /* NewsModel.swift */,
				38DC125926F5BC4100256975 /* ExchangeLongShortRatioModel.swift */,
				388206BB270891E4001315B5 /* PricePairCurrencyModel.swift */,
				381B8055270D915200BE8217 /* EconomicCalendarModel.swift */,
			);
			path = Model;
			sourceTree = "<group>";
		};
		38C723EA26969D3E00E810F9 /* Authentication */ = {
			isa = PBXGroup;
			children = (
				38C723EB26969D6C00E810F9 /* LoginViewController.swift */,
				38C723EC26969D6C00E810F9 /* LoginViewController.xib */,
				38C723F026969D9700E810F9 /* RegisterViewController.swift */,
				38C723F126969D9700E810F9 /* RegisterViewController.xib */,
				38C723FA26969FB100E810F9 /* WellcomeViewController.swift */,
				38C723FB26969FB100E810F9 /* WellcomeViewController.xib */,
			);
			path = Authentication;
			sourceTree = "<group>";
		};
		38C723F526969DFD00E810F9 /* Ultils */ = {
			isa = PBXGroup;
			children = (
				38C724482697594900E810F9 /* Extension */,
				38C723F626969E5000E810F9 /* Font */,
				38C7244C26975A2B00E810F9 /* HelperMethod.swift */,
				38C724D926980B3600E810F9 /* Constant.swift */,
				380B251326F1974D00474396 /* index.html */,
				38B0C51D269E808A009D968C /* Enum.swift */,
			);
			path = Ultils;
			sourceTree = "<group>";
		};
		38C723F626969E5000E810F9 /* Font */ = {
			isa = PBXGroup;
			children = (
				38C723FF26972DA900E810F9 /* Roboto */,
			);
			path = Font;
			sourceTree = "<group>";
		};
		38C723FF26972DA900E810F9 /* Roboto */ = {
			isa = PBXGroup;
			children = (
				38C7240026972DA900E810F9 /* Roboto-Medium.ttf */,
				38C7240126972DA900E810F9 /* Roboto-Light.ttf */,
				38C7240226972DA900E810F9 /* Roboto-Regular.ttf */,
				38C7240326972DA900E810F9 /* Roboto-MediumItalic.ttf */,
				38C7240426972DA900E810F9 /* Roboto-ThinItalic.ttf */,
				38C7240526972DA900E810F9 /* Roboto-BoldItalic.ttf */,
				38C7240626972DA900E810F9 /* Roboto-LightItalic.ttf */,
				38C7240726972DA900E810F9 /* Roboto-Italic.ttf */,
				38C7240826972DA900E810F9 /* Roboto-BlackItalic.ttf */,
				38C7240926972DA900E810F9 /* Roboto-Bold.ttf */,
				38C7240A26972DA900E810F9 /* Roboto-Thin.ttf */,
				38C7240B26972DA900E810F9 /* Roboto-Black.ttf */,
			);
			name = Roboto;
			sourceTree = "<group>";
		};
		38C724482697594900E810F9 /* Extension */ = {
			isa = PBXGroup;
			children = (
				38C724492697596000E810F9 /* String Extension.swift */,
				38C7244F26975AE200E810F9 /* UIWindow_Extension.swift */,
				380B247026ECAD1900474396 /* DropDown.swift */,
			);
			path = Extension;
			sourceTree = "<group>";
		};
		38C724532697E98100E810F9 /* Service */ = {
			isa = PBXGroup;
			children = (
			);
			path = Service;
			sourceTree = "<group>";
		};
		38DC121E26F5891500256975 /* LongShortRatio */ = {
			isa = PBXGroup;
			children = (
				38DC128926F6DD5600256975 /* FooterView */,
				38DC122426F59EBC00256975 /* Cell */,
				38DC121F26F5893100256975 /* LongShortRatioViewController.swift */,
				38DC122026F5893100256975 /* LongShortRatioViewController.xib */,
			);
			path = LongShortRatio;
			sourceTree = "<group>";
		};
		38DC122426F59EBC00256975 /* Cell */ = {
			isa = PBXGroup;
			children = (
				38DC122526F59EE900256975 /* LongShortRatioTableViewCell.swift */,
				38DC122626F59EE900256975 /* LongShortRatioTableViewCell.xib */,
			);
			path = Cell;
			sourceTree = "<group>";
		};
		38DC128926F6DD5600256975 /* FooterView */ = {
			isa = PBXGroup;
			children = (
				38DC128A26F6DD7400256975 /* LongShortRatioFooterView.xib */,
				38DC129126F6DF3B00256975 /* LongShortRatioFooterView.swift */,
			);
			path = FooterView;
			sourceTree = "<group>";
		};
		38DC12E626F8CDF200256975 /* PodupView */ = {
			isa = PBXGroup;
			children = (
				38DC12E726F8CE4F00256975 /* AddPersonalInfoPoupViewController.swift */,
				38DC12E826F8CE4F00256975 /* AddPersonalInfoPoupViewController.xib */,
				38DC12EC26F8CE7D00256975 /* EditProfilePopupViewController.swift */,
				38DC12ED26F8CE7D00256975 /* EditProfilePopupViewController.xib */,
				38A3F10A26A9241C0032400F /* UpdateTransactionViewController.swift */,
				38A3F10B26A9241C0032400F /* UpdateTransactionViewController.xib */,
				38495CC927096D2D004F0423 /* EditReasonPopupViewController.swift */,
				38495CCA27096D2D004F0423 /* EditReasonPopupViewController.xib */,
				38B9BBF8271027A800E153E7 /* DatePickerPopupViewController.swift */,
				38B9BBF9271027A800E153E7 /* DatePickerPopupViewController.xib */,
			);
			path = PodupView;
			sourceTree = "<group>";
		};
		38F5F3732712933F00DCFAE9 /* Analysis */ = {
			isa = PBXGroup;
			children = (
				38F5F37827129FF100DCFAE9 /* Cell */,
				38F5F3742712936100DCFAE9 /* AnalysisViewController.swift */,
				38F5F3752712936100DCFAE9 /* AnalysisViewController.xib */,
			);
			path = Analysis;
			sourceTree = "<group>";
		};
		38F5F37827129FF100DCFAE9 /* Cell */ = {
			isa = PBXGroup;
			children = (
				38ECB4912712A40F007A776A /* AnalysisTableViewCell.swift */,
				38ECB4922712A40F007A776A /* AnalysisTableViewCell.xib */,
			);
			path = Cell;
			sourceTree = "<group>";
		};
		5DDA7B0A47E19186E35C0E3D /* Pods */ = {
			isa = PBXGroup;
			children = (
				598332932A1693D7BE617DAD /* Pods-Forex Tool.debug.xcconfig */,
				20BEF89CB63D5778DA9D3742 /* Pods-Forex Tool.release.xcconfig */,
			);
			path = Pods;
			sourceTree = "<group>";
		};
		99239B0B56643ECFAEE631AC /* Frameworks */ = {
			isa = PBXGroup;
			children = (
				0B7B8772B6A4F58B747FF7C6 /* Pods_Forex_Tool.framework */,
			);
			name = Frameworks;
			sourceTree = "<group>";
		};
/* End PBXGroup section */

/* Begin PBXNativeTarget section */
		38C723AD2696989A00E810F9 /* Forex Tool */ = {
			isa = PBXNativeTarget;
			buildConfigurationList = 38C723C22696989C00E810F9 /* Build configuration list for PBXNativeTarget "Forex Tool" */;
			buildPhases = (
				EFF237A3427C2F2A20091569 /* [CP] Check Pods Manifest.lock */,
				38C723AA2696989A00E810F9 /* Sources */,
				38C723AB2696989A00E810F9 /* Frameworks */,
				38C723AC2696989A00E810F9 /* Resources */,
				91DA5FA085F598A3C1951353 /* [CP] Embed Pods Frameworks */,
				FD2673902DABD5BBF5528FD8 /* [CP] Copy Pods Resources */,
			);
			buildRules = (
			);
			dependencies = (
			);
			name = "Forex Tool";
			productName = "Forex Tool";
			productReference = 38C723AE2696989A00E810F9 /* Forex Tool.app */;
			productType = "com.apple.product-type.application";
		};
/* End PBXNativeTarget section */

/* Begin PBXProject section */
		38C723A62696989A00E810F9 /* Project object */ = {
			isa = PBXProject;
			attributes = {
				LastSwiftUpdateCheck = 1240;
				LastUpgradeCheck = 1240;
				TargetAttributes = {
					38C723AD2696989A00E810F9 = {
						CreatedOnToolsVersion = 12.4;
					};
				};
			};
			buildConfigurationList = 38C723A92696989A00E810F9 /* Build configuration list for PBXProject "Forex Tool" */;
			compatibilityVersion = "Xcode 9.3";
			developmentRegion = en;
			hasScannedForEncodings = 0;
			knownRegions = (
				en,
				Base,
				vi,
			);
			mainGroup = 38C723A52696989A00E810F9;
			productRefGroup = 38C723AF2696989A00E810F9 /* Products */;
			projectDirPath = "";
			projectRoot = "";
			targets = (
				38C723AD2696989A00E810F9 /* Forex Tool */,
			);
		};
/* End PBXProject section */

/* Begin PBXResourcesBuildPhase section */
		38C723AC2696989A00E810F9 /* Resources */ = {
			isa = PBXResourcesBuildPhase;
			buildActionMask = 2147483647;
			files = (
				38A54648270D46DC00D2CE39 /* EconomicCalenderTableViewCell.xib in Resources */,
				38DC122226F5893100256975 /* LongShortRatioViewController.xib in Resources */,
				38C723FD26969FB100E810F9 /* WellcomeViewController.xib in Resources */,
				38C723F326969D9700E810F9 /* RegisterViewController.xib in Resources */,
				38C7241626972DAA00E810F9 /* Roboto-Thin.ttf in Resources */,
				383CA9F8269AA2BA00A29E3A /* TabBarViewController.xib in Resources */,
				38C723EE26969D6C00E810F9 /* LoginViewController.xib in Resources */,
				38DC122826F59EE900256975 /* LongShortRatioTableViewCell.xib in Resources */,
				38C7241026972DAA00E810F9 /* Roboto-ThinItalic.ttf in Resources */,
				38C7241726972DAA00E810F9 /* Roboto-Black.ttf in Resources */,
				38495CCC27096D2D004F0423 /* EditReasonPopupViewController.xib in Resources */,
				38B9BBFB271027A800E153E7 /* DatePickerPopupViewController.xib in Resources */,
				38F5F3772712936100DCFAE9 /* AnalysisViewController.xib in Resources */,
				38DC12EF26F8CE7D00256975 /* EditProfilePopupViewController.xib in Resources */,
				38C7241226972DAA00E810F9 /* Roboto-LightItalic.ttf in Resources */,
				38A54644270D45A800D2CE39 /* BasicInfoTableViewCell.xib in Resources */,
				38DC12EA26F8CE5000256975 /* AddPersonalInfoPoupViewController.xib in Resources */,
				3886C9F92703467900C834B3 /* HomeCalculationViewController.xib in Resources */,
				383CA9E7269AA1BE00A29E3A /* DashboardViewController.xib in Resources */,
				383CAA10269B387D00A29E3A /* ActiveTransactionCollectionViewCell.xib in Resources */,
				3851DB1226A3CD16008769B0 /* ManageTransactionViewController.xib in Resources */,
				3894D6BC270AB0A90028F2E4 /* HomeMarketViewController.xib in Resources */,
				38C7240C26972DAA00E810F9 /* Roboto-Medium.ttf in Resources */,
				38871A5926F4585D00DC3F5C /* DetailNewsViewController.xib in Resources */,
				38ECB4942712A40F007A776A /* AnalysisTableViewCell.xib in Resources */,
				380B24E726F18A4D00474396 /* EconomicCalendarViewController.xib in Resources */,
				38A5463B270D39E500D2CE39 /* DetailMarketViewController.xib in Resources */,
				38C723BE2696989C00E810F9 /* LaunchScreen.storyboard in Resources */,
				38C7241426972DAA00E810F9 /* Roboto-BlackItalic.ttf in Resources */,
				388719F026F1EECD00DC3F5C /* TypeNewCollectionViewCell.xib in Resources */,
				38C7241126972DAA00E810F9 /* Roboto-BoldItalic.ttf in Resources */,
				380B251A26F1D0F500474396 /* HomeNewsViewController.xib in Resources */,
				38A3F10D26A9241C0032400F /* UpdateTransactionViewController.xib in Resources */,
				388264D4271BCADC00FCC927 /* GoogleService-Info.plist in Resources */,
				383CAA09269AAEAE00A29E3A /* HistoryTransactionViewController.xib in Resources */,
				38C723BB2696989C00E810F9 /* Assets.xcassets in Resources */,
				38D7CC272706F96E004297AF /* Localizable.strings in Resources */,
				3886C9FF270406B400C834B3 /* PipValueViewController.xib in Resources */,
				383CA9EC269AA1DF00A29E3A /* CreateTransactionViewController.xib in Resources */,
				38B0C4F3269D8181009D968C /* ListPairCurrencyTableViewCell.xib in Resources */,
				3894D6B72709F92E0028F2E4 /* DetailTransactionViewController.xib in Resources */,
				383B606526FF10F6002AA0C9 /* ProfitCalculatorViewController.xib in Resources */,
				388719FE26F2E1C900DC3F5C /* NewsTableViewCell.xib in Resources */,
				38A54640270D404D00D2CE39 /* DetailMarketHeaderView.xib in Resources */,
				380B251426F1974E00474396 /* index.html in Resources */,
				3851DB1826A3CEF6008769B0 /* ManagerTransactionTableViewCell.xib in Resources */,
				388719F926F1FDD200DC3F5C /* NewsHeaderView.xib in Resources */,
				3886C9F02702063B00C834B3 /* PositionSizeAndRiskCalculatorViewController.xib in Resources */,
				38C7240F26972DAA00E810F9 /* Roboto-MediumItalic.ttf in Resources */,
				38C7240E26972DAA00E810F9 /* Roboto-Regular.ttf in Resources */,
				3894D6C1270AB26E0028F2E4 /* HomeMarketCollectionViewCell.xib in Resources */,
				38DC128B26F6DD7400256975 /* LongShortRatioFooterView.xib in Resources */,
				38C7241326972DAA00E810F9 /* Roboto-Italic.ttf in Resources */,
				383CA9F2269AA26C00A29E3A /* ProfileViewController.xib in Resources */,
				383B605C26FD6A1E002AA0C9 /* EditProfileViewController.xib in Resources */,
				38C7240D26972DAA00E810F9 /* Roboto-Light.ttf in Resources */,
				38C7241526972DAA00E810F9 /* Roboto-Bold.ttf in Resources */,
				38B0C4EE269D7F1D009D968C /* ListPairCurrencyViewController.xib in Resources */,
			);
			runOnlyForDeploymentPostprocessing = 0;
		};
/* End PBXResourcesBuildPhase section */

/* Begin PBXShellScriptBuildPhase section */
		91DA5FA085F598A3C1951353 /* [CP] Embed Pods Frameworks */ = {
			isa = PBXShellScriptBuildPhase;
			buildActionMask = 2147483647;
			files = (
			);
			inputFileListPaths = (
				"${PODS_ROOT}/Target Support Files/Pods-Forex Tool/Pods-Forex Tool-frameworks-${CONFIGURATION}-input-files.xcfilelist",
			);
			name = "[CP] Embed Pods Frameworks";
			outputFileListPaths = (
				"${PODS_ROOT}/Target Support Files/Pods-Forex Tool/Pods-Forex Tool-frameworks-${CONFIGURATION}-output-files.xcfilelist",
			);
			runOnlyForDeploymentPostprocessing = 0;
			shellPath = /bin/sh;
			shellScript = "\"${PODS_ROOT}/Target Support Files/Pods-Forex Tool/Pods-Forex Tool-frameworks.sh\"\n";
			showEnvVarsInLog = 0;
		};
		EFF237A3427C2F2A20091569 /* [CP] Check Pods Manifest.lock */ = {
			isa = PBXShellScriptBuildPhase;
			buildActionMask = 2147483647;
			files = (
			);
			inputFileListPaths = (
			);
			inputPaths = (
				"${PODS_PODFILE_DIR_PATH}/Podfile.lock",
				"${PODS_ROOT}/Manifest.lock",
			);
			name = "[CP] Check Pods Manifest.lock";
			outputFileListPaths = (
			);
			outputPaths = (
				"$(DERIVED_FILE_DIR)/Pods-Forex Tool-checkManifestLockResult.txt",
			);
			runOnlyForDeploymentPostprocessing = 0;
			shellPath = /bin/sh;
			shellScript = "diff \"${PODS_PODFILE_DIR_PATH}/Podfile.lock\" \"${PODS_ROOT}/Manifest.lock\" > /dev/null\nif [ $? != 0 ] ; then\n    # print error to STDERR\n    echo \"error: The sandbox is not in sync with the Podfile.lock. Run 'pod install' or update your CocoaPods installation.\" >&2\n    exit 1\nfi\n# This output is used by Xcode 'outputs' to avoid re-running this script phase.\necho \"SUCCESS\" > \"${SCRIPT_OUTPUT_FILE_0}\"\n";
			showEnvVarsInLog = 0;
		};
		FD2673902DABD5BBF5528FD8 /* [CP] Copy Pods Resources */ = {
			isa = PBXShellScriptBuildPhase;
			buildActionMask = 2147483647;
			files = (
			);
			inputFileListPaths = (
				"${PODS_ROOT}/Target Support Files/Pods-Forex Tool/Pods-Forex Tool-resources-${CONFIGURATION}-input-files.xcfilelist",
			);
			name = "[CP] Copy Pods Resources";
			outputFileListPaths = (
				"${PODS_ROOT}/Target Support Files/Pods-Forex Tool/Pods-Forex Tool-resources-${CONFIGURATION}-output-files.xcfilelist",
			);
			runOnlyForDeploymentPostprocessing = 0;
			shellPath = /bin/sh;
			shellScript = "\"${PODS_ROOT}/Target Support Files/Pods-Forex Tool/Pods-Forex Tool-resources.sh\"\n";
			showEnvVarsInLog = 0;
		};
/* End PBXShellScriptBuildPhase section */

/* Begin PBXSourcesBuildPhase section */
		38C723AA2696989A00E810F9 /* Sources */ = {
			isa = PBXSourcesBuildPhase;
			buildActionMask = 2147483647;
			files = (
				38B0C518269D8BFB009D968C /* PairCurrencyModel.swift in Sources */,
				38C723F226969D9700E810F9 /* RegisterViewController.swift in Sources */,
				388719F526F1FDBC00DC3F5C /* NewsHeaderView.swift in Sources */,
				38DC125D26F5C74600256975 /* LongShortRatioViewModel.swift in Sources */,
				38B0C51B269D99B8009D968C /* CreateTransactionViewModel.swift in Sources */,
				38B9BBFA271027A800E153E7 /* DatePickerPopupViewController.swift in Sources */,
				38DC12E926F8CE5000256975 /* AddPersonalInfoPoupViewController.swift in Sources */,
				38551FD326A2D25200FFC1D2 /* DashboardViewModel.swift in Sources */,
				38B0C4ED269D7F1D009D968C /* ListPairCurrencyViewController.swift in Sources */,
				383CA9E6269AA1BE00A29E3A /* DashboardViewController.swift in Sources */,
				383B605F26FD7CCC002AA0C9 /* EditProfileViewModel.swift in Sources */,
				38871A5826F4585D00DC3F5C /* DetailNewsViewController.swift in Sources */,
				383CA9F1269AA26C00A29E3A /* ProfileViewController.swift in Sources */,
				383CAA0F269B387D00A29E3A /* ActiveTransactionCollectionViewCell.swift in Sources */,
				380B251926F1D0F500474396 /* HomeNewsViewController.swift in Sources */,
				383CA9EB269AA1DF00A29E3A /* CreateTransactionViewController.swift in Sources */,
				3851DB1B26A86D1F008769B0 /* FilterObjectModel.swift in Sources */,
				38DC125A26F5BC4100256975 /* ExchangeLongShortRatioModel.swift in Sources */,
				38551FD026A2CA9600FFC1D2 /* TransactionModel.swift in Sources */,
				38C7245026975AE200E810F9 /* UIWindow_Extension.swift in Sources */,
				38C7241B2697364C00E810F9 /* CustomeView.swift in Sources */,
				387DE88826F9D5E90074E6E4 /* BaseViewController.swift in Sources */,
				38C7241E26973A0700E810F9 /* CustomeBoderRadiusView.swift in Sources */,
				3886C9EF2702063B00C834B3 /* PositionSizeAndRiskCalculatorViewController.swift in Sources */,
				380B247426ECAE9D00474396 /* UpdateTransactionViewModel.swift in Sources */,
				3894D6B62709F92E0028F2E4 /* DetailTransactionViewController.swift in Sources */,
				388206BC270891E4001315B5 /* PricePairCurrencyModel.swift in Sources */,
				38C7244D26975A2B00E810F9 /* HelperMethod.swift in Sources */,
				388719FD26F2E1C900DC3F5C /* NewsTableViewCell.swift in Sources */,
				38C724FB269842CF00E810F9 /* UserModel.swift in Sources */,
				383CA9F7269AA2BA00A29E3A /* TabBarViewController.swift in Sources */,
				38DC12EE26F8CE7D00256975 /* EditProfilePopupViewController.swift in Sources */,
				38A5463E270D403100D2CE39 /* DetailMarketHeaderView.swift in Sources */,
				383CAA08269AAEAE00A29E3A /* HistoryTransactionViewController.swift in Sources */,
				3851DB1726A3CEF6008769B0 /* ManagerTransactionTableViewCell.swift in Sources */,
				38C724552697E9DE00E810F9 /* AuthViewModel.swift in Sources */,
				38A5463A270D39E500D2CE39 /* DetailMarketViewController.swift in Sources */,
				3886C9F82703467900C834B3 /* HomeCalculationViewController.swift in Sources */,
				3894D6C0270AB26E0028F2E4 /* HomeMarketCollectionViewCell.swift in Sources */,
				38871A2D26F32C1F00DC3F5C /* NewsModel.swift in Sources */,
				38C723ED26969D6C00E810F9 /* LoginViewController.swift in Sources */,
				38A54643270D45A800D2CE39 /* BasicInfoTableViewCell.swift in Sources */,
				383B606426FF10F6002AA0C9 /* ProfitCalculatorViewController.swift in Sources */,
				38871A2A26F3251200DC3F5C /* HomeNewsViewModel.swift in Sources */,
				38C723FC26969FB100E810F9 /* WellcomeViewController.swift in Sources */,
				38F5F3762712936100DCFAE9 /* AnalysisViewController.swift in Sources */,
				381B8058270D93A800BE8217 /* DetailMarketViewModel.swift in Sources */,
				380B247126ECAD1900474396 /* DropDown.swift in Sources */,
				38B0C51E269E808B009D968C /* Enum.swift in Sources */,
				38B0C4F2269D8181009D968C /* ListPairCurrencyTableViewCell.swift in Sources */,
				38B0C4F6269D879D009D968C /* ListPairCurrencyViewModel.swift in Sources */,
				38ECB4932712A40F007A776A /* AnalysisTableViewCell.swift in Sources */,
				38C7244A2697596000E810F9 /* String Extension.swift in Sources */,
				388719EF26F1EECD00DC3F5C /* TypeNewCollectionViewCell.swift in Sources */,
				381B8056270D915200BE8217 /* EconomicCalendarModel.swift in Sources */,
				383B606A26FF195A002AA0C9 /* CustomTabBar.swift in Sources */,
				3894D6BB270AB0A90028F2E4 /* HomeMarketViewController.swift in Sources */,
				38DC122126F5893100256975 /* LongShortRatioViewController.swift in Sources */,
				38C723B22696989A00E810F9 /* AppDelegate.swift in Sources */,
				3894D6B12709F0200028F2E4 /* EditReasonTransactionViewModel.swift in Sources */,
				38C724DA26980B3600E810F9 /* Constant.swift in Sources */,
				38DC129226F6DF3B00256975 /* LongShortRatioFooterView.swift in Sources */,
				38A3F10C26A9241C0032400F /* UpdateTransactionViewController.swift in Sources */,
				38A54647270D46DC00D2CE39 /* EconomicCalenderTableViewCell.swift in Sources */,
				38A54637270AF40900D2CE39 /* HomeMarketViewModel.swift in Sources */,
				38495CCB27096D2D004F0423 /* EditReasonPopupViewController.swift in Sources */,
				3851DB1126A3CD16008769B0 /* ManageTransactionViewController.swift in Sources */,
				38DC122726F59EE900256975 /* LongShortRatioTableViewCell.swift in Sources */,
				3886C9FE270406B400C834B3 /* PipValueViewController.swift in Sources */,
				380B24E626F18A4D00474396 /* EconomicCalendarViewController.swift in Sources */,
				383B605B26FD6A1E002AA0C9 /* EditProfileViewController.swift in Sources */,
				383CAA13269C946700A29E3A /* CurrencyModel.swift in Sources */,
			);
			runOnlyForDeploymentPostprocessing = 0;
		};
/* End PBXSourcesBuildPhase section */

/* Begin PBXVariantGroup section */
		38C723BC2696989C00E810F9 /* LaunchScreen.storyboard */ = {
			isa = PBXVariantGroup;
			children = (
				38C723BD2696989C00E810F9 /* Base */,
				38D7CC252706F942004297AF /* vi */,
			);
			name = LaunchScreen.storyboard;
			sourceTree = "<group>";
		};
		38D7CC292706F96E004297AF /* Localizable.strings */ = {
			isa = PBXVariantGroup;
			children = (
				38D7CC282706F96E004297AF /* en */,
				38D7CC2A2706F977004297AF /* vi */,
			);
			name = Localizable.strings;
			sourceTree = "<group>";
		};
/* End PBXVariantGroup section */

/* Begin XCBuildConfiguration section */
		38C723C02696989C00E810F9 /* Debug */ = {
			isa = XCBuildConfiguration;
			buildSettings = {
				ALWAYS_SEARCH_USER_PATHS = NO;
				CLANG_ANALYZER_LOCALIZABILITY_NONLOCALIZED = YES;
				CLANG_ANALYZER_NONNULL = YES;
				CLANG_ANALYZER_NUMBER_OBJECT_CONVERSION = YES_AGGRESSIVE;
				CLANG_CXX_LANGUAGE_STANDARD = "gnu++14";
				CLANG_CXX_LIBRARY = "libc++";
				CLANG_ENABLE_MODULES = YES;
				CLANG_ENABLE_OBJC_ARC = YES;
				CLANG_ENABLE_OBJC_WEAK = YES;
				CLANG_WARN_BLOCK_CAPTURE_AUTORELEASING = YES;
				CLANG_WARN_BOOL_CONVERSION = YES;
				CLANG_WARN_COMMA = YES;
				CLANG_WARN_CONSTANT_CONVERSION = YES;
				CLANG_WARN_DEPRECATED_OBJC_IMPLEMENTATIONS = YES;
				CLANG_WARN_DIRECT_OBJC_ISA_USAGE = YES_ERROR;
				CLANG_WARN_DOCUMENTATION_COMMENTS = YES;
				CLANG_WARN_EMPTY_BODY = YES;
				CLANG_WARN_ENUM_CONVERSION = YES;
				CLANG_WARN_INFINITE_RECURSION = YES;
				CLANG_WARN_INT_CONVERSION = YES;
				CLANG_WARN_NON_LITERAL_NULL_CONVERSION = YES;
				CLANG_WARN_OBJC_IMPLICIT_RETAIN_SELF = YES;
				CLANG_WARN_OBJC_LITERAL_CONVERSION = YES;
				CLANG_WARN_OBJC_ROOT_CLASS = YES_ERROR;
				CLANG_WARN_QUOTED_INCLUDE_IN_FRAMEWORK_HEADER = YES;
				CLANG_WARN_RANGE_LOOP_ANALYSIS = YES;
				CLANG_WARN_STRICT_PROTOTYPES = YES;
				CLANG_WARN_SUSPICIOUS_MOVE = YES;
				CLANG_WARN_UNGUARDED_AVAILABILITY = YES_AGGRESSIVE;
				CLANG_WARN_UNREACHABLE_CODE = YES;
				CLANG_WARN__DUPLICATE_METHOD_MATCH = YES;
				COPY_PHASE_STRIP = NO;
				DEBUG_INFORMATION_FORMAT = dwarf;
				ENABLE_STRICT_OBJC_MSGSEND = YES;
				ENABLE_TESTABILITY = YES;
				GCC_C_LANGUAGE_STANDARD = gnu11;
				GCC_DYNAMIC_NO_PIC = NO;
				GCC_NO_COMMON_BLOCKS = YES;
				GCC_OPTIMIZATION_LEVEL = 0;
				GCC_PREPROCESSOR_DEFINITIONS = (
					"DEBUG=1",
					"$(inherited)",
				);
				GCC_WARN_64_TO_32_BIT_CONVERSION = YES;
				GCC_WARN_ABOUT_RETURN_TYPE = YES_ERROR;
				GCC_WARN_UNDECLARED_SELECTOR = YES;
				GCC_WARN_UNINITIALIZED_AUTOS = YES_AGGRESSIVE;
				GCC_WARN_UNUSED_FUNCTION = YES;
				GCC_WARN_UNUSED_VARIABLE = YES;
				IPHONEOS_DEPLOYMENT_TARGET = 14.4;
				MTL_ENABLE_DEBUG_INFO = INCLUDE_SOURCE;
				MTL_FAST_MATH = YES;
				ONLY_ACTIVE_ARCH = YES;
				SDKROOT = iphoneos;
				SWIFT_ACTIVE_COMPILATION_CONDITIONS = DEBUG;
				SWIFT_OPTIMIZATION_LEVEL = "-Onone";
			};
			name = Debug;
		};
		38C723C12696989C00E810F9 /* Release */ = {
			isa = XCBuildConfiguration;
			buildSettings = {
				ALWAYS_SEARCH_USER_PATHS = NO;
				CLANG_ANALYZER_LOCALIZABILITY_NONLOCALIZED = YES;
				CLANG_ANALYZER_NONNULL = YES;
				CLANG_ANALYZER_NUMBER_OBJECT_CONVERSION = YES_AGGRESSIVE;
				CLANG_CXX_LANGUAGE_STANDARD = "gnu++14";
				CLANG_CXX_LIBRARY = "libc++";
				CLANG_ENABLE_MODULES = YES;
				CLANG_ENABLE_OBJC_ARC = YES;
				CLANG_ENABLE_OBJC_WEAK = YES;
				CLANG_WARN_BLOCK_CAPTURE_AUTORELEASING = YES;
				CLANG_WARN_BOOL_CONVERSION = YES;
				CLANG_WARN_COMMA = YES;
				CLANG_WARN_CONSTANT_CONVERSION = YES;
				CLANG_WARN_DEPRECATED_OBJC_IMPLEMENTATIONS = YES;
				CLANG_WARN_DIRECT_OBJC_ISA_USAGE = YES_ERROR;
				CLANG_WARN_DOCUMENTATION_COMMENTS = YES;
				CLANG_WARN_EMPTY_BODY = YES;
				CLANG_WARN_ENUM_CONVERSION = YES;
				CLANG_WARN_INFINITE_RECURSION = YES;
				CLANG_WARN_INT_CONVERSION = YES;
				CLANG_WARN_NON_LITERAL_NULL_CONVERSION = YES;
				CLANG_WARN_OBJC_IMPLICIT_RETAIN_SELF = YES;
				CLANG_WARN_OBJC_LITERAL_CONVERSION = YES;
				CLANG_WARN_OBJC_ROOT_CLASS = YES_ERROR;
				CLANG_WARN_QUOTED_INCLUDE_IN_FRAMEWORK_HEADER = YES;
				CLANG_WARN_RANGE_LOOP_ANALYSIS = YES;
				CLANG_WARN_STRICT_PROTOTYPES = YES;
				CLANG_WARN_SUSPICIOUS_MOVE = YES;
				CLANG_WARN_UNGUARDED_AVAILABILITY = YES_AGGRESSIVE;
				CLANG_WARN_UNREACHABLE_CODE = YES;
				CLANG_WARN__DUPLICATE_METHOD_MATCH = YES;
				COPY_PHASE_STRIP = NO;
				DEBUG_INFORMATION_FORMAT = "dwarf-with-dsym";
				ENABLE_NS_ASSERTIONS = NO;
				ENABLE_STRICT_OBJC_MSGSEND = YES;
				GCC_C_LANGUAGE_STANDARD = gnu11;
				GCC_NO_COMMON_BLOCKS = YES;
				GCC_WARN_64_TO_32_BIT_CONVERSION = YES;
				GCC_WARN_ABOUT_RETURN_TYPE = YES_ERROR;
				GCC_WARN_UNDECLARED_SELECTOR = YES;
				GCC_WARN_UNINITIALIZED_AUTOS = YES_AGGRESSIVE;
				GCC_WARN_UNUSED_FUNCTION = YES;
				GCC_WARN_UNUSED_VARIABLE = YES;
				IPHONEOS_DEPLOYMENT_TARGET = 14.4;
				MTL_ENABLE_DEBUG_INFO = NO;
				MTL_FAST_MATH = YES;
				SDKROOT = iphoneos;
				SWIFT_COMPILATION_MODE = wholemodule;
				SWIFT_OPTIMIZATION_LEVEL = "-O";
				VALIDATE_PRODUCT = YES;
			};
			name = Release;
		};
		38C723C32696989C00E810F9 /* Debug */ = {
			isa = XCBuildConfiguration;
			baseConfigurationReference = 598332932A1693D7BE617DAD /* Pods-Forex Tool.debug.xcconfig */;
			buildSettings = {
				ASSETCATALOG_COMPILER_APPICON_NAME = AppIcon;
				ASSETCATALOG_COMPILER_GLOBAL_ACCENT_COLOR_NAME = AccentColor;
				CODE_SIGN_ENTITLEMENTS = "Forex Tool/Forex Tool.entitlements";
				CODE_SIGN_STYLE = Automatic;
				CURRENT_PROJECT_VERSION = 2;
				DEVELOPMENT_TEAM = X9XAKZ8N26;
				INFOPLIST_FILE = "Forex Tool/Info.plist";
				IPHONEOS_DEPLOYMENT_TARGET = 13.0;
				LD_RUNPATH_SEARCH_PATHS = (
					"$(inherited)",
					"@executable_path/Frameworks",
				);
				PRODUCT_BUNDLE_IDENTIFIER = "com.tiennguyen.Forex-Tools";
				PRODUCT_NAME = "$(TARGET_NAME)";
				SWIFT_VERSION = 4.2;
				TARGETED_DEVICE_FAMILY = 1;
			};
			name = Debug;
		};
		38C723C42696989C00E810F9 /* Release */ = {
			isa = XCBuildConfiguration;
			baseConfigurationReference = 20BEF89CB63D5778DA9D3742 /* Pods-Forex Tool.release.xcconfig */;
			buildSettings = {
				ASSETCATALOG_COMPILER_APPICON_NAME = AppIcon;
				ASSETCATALOG_COMPILER_GLOBAL_ACCENT_COLOR_NAME = AccentColor;
				CODE_SIGN_ENTITLEMENTS = "Forex Tool/Forex Tool.entitlements";
				CODE_SIGN_STYLE = Automatic;
				CURRENT_PROJECT_VERSION = 2;
				DEVELOPMENT_TEAM = X9XAKZ8N26;
				INFOPLIST_FILE = "Forex Tool/Info.plist";
				IPHONEOS_DEPLOYMENT_TARGET = 13.0;
				LD_RUNPATH_SEARCH_PATHS = (
					"$(inherited)",
					"@executable_path/Frameworks",
				);
				PRODUCT_BUNDLE_IDENTIFIER = "com.tiennguyen.Forex-Tools";
				PRODUCT_NAME = "$(TARGET_NAME)";
				SWIFT_VERSION = 4.2;
				TARGETED_DEVICE_FAMILY = 1;
			};
			name = Release;
		};
/* End XCBuildConfiguration section */

/* Begin XCConfigurationList section */
		38C723A92696989A00E810F9 /* Build configuration list for PBXProject "Forex Tool" */ = {
			isa = XCConfigurationList;
			buildConfigurations = (
				38C723C02696989C00E810F9 /* Debug */,
				38C723C12696989C00E810F9 /* Release */,
			);
			defaultConfigurationIsVisible = 0;
			defaultConfigurationName = Release;
		};
		38C723C22696989C00E810F9 /* Build configuration list for PBXNativeTarget "Forex Tool" */ = {
			isa = XCConfigurationList;
			buildConfigurations = (
				38C723C32696989C00E810F9 /* Debug */,
				38C723C42696989C00E810F9 /* Release */,
			);
			defaultConfigurationIsVisible = 0;
			defaultConfigurationName = Release;
		};
/* End XCConfigurationList section */
	};
	rootObject = 38C723A62696989A00E810F9 /* Project object */;
}
